// !$*UTF8*$!
{
	archiveVersion = 1;
	classes = {
	};
	objectVersion = 55;
	objects = {

/* Begin PBXBuildFile section */
		E9B6060B278833A5006BEDFB /* UIView+Extension.swift in Sources */ = {isa = PBXBuildFile; fileRef = E9B6060A278833A5006BEDFB /* UIView+Extension.swift */; };
		E9B6060D27883421006BEDFB /* UITableViewCell+Extension.swift in Sources */ = {isa = PBXBuildFile; fileRef = E9B6060C27883421006BEDFB /* UITableViewCell+Extension.swift */; };
		E9B6060F27883559006BEDFB /* CellIdentifierable.swift in Sources */ = {isa = PBXBuildFile; fileRef = E9B6060E27883559006BEDFB /* CellIdentifierable.swift */; };
		E9B6061127883577006BEDFB /* ViewControllerFromStoryBoard.swift in Sources */ = {isa = PBXBuildFile; fileRef = E9B6061027883577006BEDFB /* ViewControllerFromStoryBoard.swift */; };
		E9B6061327883581006BEDFB /* StoryboardName.swift in Sources */ = {isa = PBXBuildFile; fileRef = E9B6061227883581006BEDFB /* StoryboardName.swift */; };
		E9B6061527883732006BEDFB /* GithubAPI.swift in Sources */ = {isa = PBXBuildFile; fileRef = E9B6061427883732006BEDFB /* GithubAPI.swift */; };
		E9B6061727883794006BEDFB /* API.swift in Sources */ = {isa = PBXBuildFile; fileRef = E9B6061627883794006BEDFB /* API.swift */; };
		E9B6061A278837EF006BEDFB /* Issue.swift in Sources */ = {isa = PBXBuildFile; fileRef = E9B60619278837EF006BEDFB /* Issue.swift */; };
		E9B6061C278837F6006BEDFB /* User.swift in Sources */ = {isa = PBXBuildFile; fileRef = E9B6061B278837F6006BEDFB /* User.swift */; };
		E9B6061E278837FE006BEDFB /* PullRequest.swift in Sources */ = {isa = PBXBuildFile; fileRef = E9B6061D278837FE006BEDFB /* PullRequest.swift */; };
		E9B6062027883804006BEDFB /* Reactions.swift in Sources */ = {isa = PBXBuildFile; fileRef = E9B6061F27883804006BEDFB /* Reactions.swift */; };
		E9F4E87D272853950089ED10 /* AppDelegate.swift in Sources */ = {isa = PBXBuildFile; fileRef = E9F4E87C272853950089ED10 /* AppDelegate.swift */; };
		E9F4E87F272853950089ED10 /* SceneDelegate.swift in Sources */ = {isa = PBXBuildFile; fileRef = E9F4E87E272853950089ED10 /* SceneDelegate.swift */; };
		E9F4E881272853950089ED10 /* ViewController.swift in Sources */ = {isa = PBXBuildFile; fileRef = E9F4E880272853950089ED10 /* ViewController.swift */; };
		E9F4E884272853950089ED10 /* Main.storyboard in Resources */ = {isa = PBXBuildFile; fileRef = E9F4E882272853950089ED10 /* Main.storyboard */; };
		E9F4E887272853950089ED10 /* NetworkStudy.xcdatamodeld in Sources */ = {isa = PBXBuildFile; fileRef = E9F4E885272853950089ED10 /* NetworkStudy.xcdatamodeld */; };
		E9F4E889272853960089ED10 /* Assets.xcassets in Resources */ = {isa = PBXBuildFile; fileRef = E9F4E888272853960089ED10 /* Assets.xcassets */; };
		E9F4E88C272853960089ED10 /* LaunchScreen.storyboard in Resources */ = {isa = PBXBuildFile; fileRef = E9F4E88A272853960089ED10 /* LaunchScreen.storyboard */; };
/* End PBXBuildFile section */

/* Begin PBXFileReference section */
		E9B6060A278833A5006BEDFB /* UIView+Extension.swift */ = {isa = PBXFileReference; lastKnownFileType = sourcecode.swift; path = "UIView+Extension.swift"; sourceTree = "<group>"; };
		E9B6060C27883421006BEDFB /* UITableViewCell+Extension.swift */ = {isa = PBXFileReference; lastKnownFileType = sourcecode.swift; path = "UITableViewCell+Extension.swift"; sourceTree = "<group>"; };
		E9B6060E27883559006BEDFB /* CellIdentifierable.swift */ = {isa = PBXFileReference; lastKnownFileType = sourcecode.swift; path = CellIdentifierable.swift; sourceTree = "<group>"; };
		E9B6061027883577006BEDFB /* ViewControllerFromStoryBoard.swift */ = {isa = PBXFileReference; lastKnownFileType = sourcecode.swift; path = ViewControllerFromStoryBoard.swift; sourceTree = "<group>"; };
		E9B6061227883581006BEDFB /* StoryboardName.swift */ = {isa = PBXFileReference; lastKnownFileType = sourcecode.swift; path = StoryboardName.swift; sourceTree = "<group>"; };
		E9B6061427883732006BEDFB /* GithubAPI.swift */ = {isa = PBXFileReference; lastKnownFileType = sourcecode.swift; path = GithubAPI.swift; sourceTree = "<group>"; };
		E9B6061627883794006BEDFB /* API.swift */ = {isa = PBXFileReference; lastKnownFileType = sourcecode.swift; path = API.swift; sourceTree = "<group>"; };
		E9B60619278837EF006BEDFB /* Issue.swift */ = {isa = PBXFileReference; lastKnownFileType = sourcecode.swift; path = Issue.swift; sourceTree = "<group>"; };
		E9B6061B278837F6006BEDFB /* User.swift */ = {isa = PBXFileReference; lastKnownFileType = sourcecode.swift; path = User.swift; sourceTree = "<group>"; };
		E9B6061D278837FE006BEDFB /* PullRequest.swift */ = {isa = PBXFileReference; lastKnownFileType = sourcecode.swift; path = PullRequest.swift; sourceTree = "<group>"; };
		E9B6061F27883804006BEDFB /* Reactions.swift */ = {isa = PBXFileReference; lastKnownFileType = sourcecode.swift; path = Reactions.swift; sourceTree = "<group>"; };
		E9F4E879272853950089ED10 /* NetworkStudy.app */ = {isa = PBXFileReference; explicitFileType = wrapper.application; includeInIndex = 0; path = NetworkStudy.app; sourceTree = BUILT_PRODUCTS_DIR; };
		E9F4E87C272853950089ED10 /* AppDelegate.swift */ = {isa = PBXFileReference; lastKnownFileType = sourcecode.swift; path = AppDelegate.swift; sourceTree = "<group>"; };
		E9F4E87E272853950089ED10 /* SceneDelegate.swift */ = {isa = PBXFileReference; lastKnownFileType = sourcecode.swift; path = SceneDelegate.swift; sourceTree = "<group>"; };
		E9F4E880272853950089ED10 /* ViewController.swift */ = {isa = PBXFileReference; lastKnownFileType = sourcecode.swift; path = ViewController.swift; sourceTree = "<group>"; };
		E9F4E883272853950089ED10 /* Base */ = {isa = PBXFileReference; lastKnownFileType = file.storyboard; name = Base; path = Base.lproj/Main.storyboard; sourceTree = "<group>"; };
		E9F4E886272853950089ED10 /* NetworkStudy.xcdatamodel */ = {isa = PBXFileReference; lastKnownFileType = wrapper.xcdatamodel; path = NetworkStudy.xcdatamodel; sourceTree = "<group>"; };
		E9F4E888272853960089ED10 /* Assets.xcassets */ = {isa = PBXFileReference; lastKnownFileType = folder.assetcatalog; path = Assets.xcassets; sourceTree = "<group>"; };
		E9F4E88B272853960089ED10 /* Base */ = {isa = PBXFileReference; lastKnownFileType = file.storyboard; name = Base; path = Base.lproj/LaunchScreen.storyboard; sourceTree = "<group>"; };
		E9F4E88D272853960089ED10 /* Info.plist */ = {isa = PBXFileReference; lastKnownFileType = text.plist.xml; path = Info.plist; sourceTree = "<group>"; };
/* End PBXFileReference section */

/* Begin PBXFrameworksBuildPhase section */
		E9F4E876272853950089ED10 /* Frameworks */ = {
			isa = PBXFrameworksBuildPhase;
			buildActionMask = 2147483647;
			files = (
			);
			runOnlyForDeploymentPostprocessing = 0;
		};
/* End PBXFrameworksBuildPhase section */

/* Begin PBXGroup section */
		E9B6060227883107006BEDFB /* Common */ = {
			isa = PBXGroup;
			children = (
				E9B6060E27883559006BEDFB /* CellIdentifierable.swift */,
				E9B6061027883577006BEDFB /* ViewControllerFromStoryBoard.swift */,
				E9B6061227883581006BEDFB /* StoryboardName.swift */,
			);
			path = Common;
			sourceTree = "<group>";
		};
		E9B606032788310E006BEDFB /* Utils */ = {
			isa = PBXGroup;
			children = (
				E9B606052788318F006BEDFB /* Extension */,
			);
			path = Utils;
			sourceTree = "<group>";
		};
		E9B6060427883180006BEDFB /* API */ = {
			isa = PBXGroup;
			children = (
				E9B6061627883794006BEDFB /* API.swift */,
				E9B6061427883732006BEDFB /* GithubAPI.swift */,
			);
			path = API;
			sourceTree = "<group>";
		};
		E9B606052788318F006BEDFB /* Extension */ = {
			isa = PBXGroup;
			children = (
				E9B6060A278833A5006BEDFB /* UIView+Extension.swift */,
				E9B6060C27883421006BEDFB /* UITableViewCell+Extension.swift */,
			);
			path = Extension;
			sourceTree = "<group>";
		};
		E9B60606278831C7006BEDFB /* Supporting Files */ = {
			isa = PBXGroup;
			children = (
				E9F4E888272853960089ED10 /* Assets.xcassets */,
				E9F4E88A272853960089ED10 /* LaunchScreen.storyboard */,
				E9F4E88D272853960089ED10 /* Info.plist */,
			);
			path = "Supporting Files";
			sourceTree = "<group>";
		};
		E9B60607278831E7006BEDFB /* View */ = {
			isa = PBXGroup;
			children = (
				E9F4E880272853950089ED10 /* ViewController.swift */,
				E9F4E882272853950089ED10 /* Main.storyboard */,
			);
			path = View;
			sourceTree = "<group>";
		};
		E9B60608278831F1006BEDFB /* ViewModel */ = {
			isa = PBXGroup;
			children = (
			);
			path = ViewModel;
			sourceTree = "<group>";
		};
		E9B60609278831F9006BEDFB /* Model */ = {
			isa = PBXGroup;
			children = (
				E9B60618278837E4006BEDFB /* Github */,
			);
			path = Model;
			sourceTree = "<group>";
		};
		E9B60618278837E4006BEDFB /* Github */ = {
			isa = PBXGroup;
			children = (
				E9B60619278837EF006BEDFB /* Issue.swift */,
				E9B6061B278837F6006BEDFB /* User.swift */,
				E9B6061D278837FE006BEDFB /* PullRequest.swift */,
				E9B6061F27883804006BEDFB /* Reactions.swift */,
			);
			path = Github;
			sourceTree = "<group>";
		};
		E9F4E870272853950089ED10 = {
			isa = PBXGroup;
			children = (
				E9F4E87B272853950089ED10 /* NetworkStudy */,
				E9F4E87A272853950089ED10 /* Products */,
			);
			sourceTree = "<group>";
		};
		E9F4E87A272853950089ED10 /* Products */ = {
			isa = PBXGroup;
			children = (
				E9F4E879272853950089ED10 /* NetworkStudy.app */,
			);
			name = Products;
			sourceTree = "<group>";
		};
		E9F4E87B272853950089ED10 /* NetworkStudy */ = {
			isa = PBXGroup;
			children = (
				E9F4E87C272853950089ED10 /* AppDelegate.swift */,
				E9F4E87E272853950089ED10 /* SceneDelegate.swift */,
				E9B6060227883107006BEDFB /* Common */,
				E9B60607278831E7006BEDFB /* View */,
				E9B60608278831F1006BEDFB /* ViewModel */,
				E9B6060427883180006BEDFB /* API */,
				E9B60609278831F9006BEDFB /* Model */,
				E9B606032788310E006BEDFB /* Utils */,
				E9B60606278831C7006BEDFB /* Supporting Files */,
				E9F4E885272853950089ED10 /* NetworkStudy.xcdatamodeld */,
			);
			path = NetworkStudy;
			sourceTree = "<group>";
		};
/* End PBXGroup section */

/* Begin PBXNativeTarget section */
		E9F4E878272853950089ED10 /* NetworkStudy */ = {
			isa = PBXNativeTarget;
			buildConfigurationList = E9F4E890272853960089ED10 /* Build configuration list for PBXNativeTarget "NetworkStudy" */;
			buildPhases = (
				E9F4E875272853950089ED10 /* Sources */,
				E9F4E876272853950089ED10 /* Frameworks */,
				E9F4E877272853950089ED10 /* Resources */,
			);
			buildRules = (
			);
			dependencies = (
			);
			name = NetworkStudy;
			productName = NetworkStudy;
			productReference = E9F4E879272853950089ED10 /* NetworkStudy.app */;
			productType = "com.apple.product-type.application";
		};
/* End PBXNativeTarget section */

/* Begin PBXProject section */
		E9F4E871272853950089ED10 /* Project object */ = {
			isa = PBXProject;
			attributes = {
				BuildIndependentTargetsInParallel = 1;
				LastSwiftUpdateCheck = 1300;
				LastUpgradeCheck = 1300;
				TargetAttributes = {
					E9F4E878272853950089ED10 = {
						CreatedOnToolsVersion = 13.0;
					};
				};
			};
			buildConfigurationList = E9F4E874272853950089ED10 /* Build configuration list for PBXProject "NetworkStudy" */;
			compatibilityVersion = "Xcode 13.0";
			developmentRegion = en;
			hasScannedForEncodings = 0;
			knownRegions = (
				en,
				Base,
			);
			mainGroup = E9F4E870272853950089ED10;
			productRefGroup = E9F4E87A272853950089ED10 /* Products */;
			projectDirPath = "";
			projectRoot = "";
			targets = (
				E9F4E878272853950089ED10 /* NetworkStudy */,
			);
		};
/* End PBXProject section */

/* Begin PBXResourcesBuildPhase section */
		E9F4E877272853950089ED10 /* Resources */ = {
			isa = PBXResourcesBuildPhase;
			buildActionMask = 2147483647;
			files = (
				E9F4E88C272853960089ED10 /* LaunchScreen.storyboard in Resources */,
				E9F4E889272853960089ED10 /* Assets.xcassets in Resources */,
				E9F4E884272853950089ED10 /* Main.storyboard in Resources */,
			);
			runOnlyForDeploymentPostprocessing = 0;
		};
/* End PBXResourcesBuildPhase section */

/* Begin PBXSourcesBuildPhase section */
		E9F4E875272853950089ED10 /* Sources */ = {
			isa = PBXSourcesBuildPhase;
			buildActionMask = 2147483647;
			files = (
				E9B6061C278837F6006BEDFB /* User.swift in Sources */,
				E9B6061727883794006BEDFB /* API.swift in Sources */,
				E9B6061E278837FE006BEDFB /* PullRequest.swift in Sources */,
				E9F4E887272853950089ED10 /* NetworkStudy.xcdatamodeld in Sources */,
				E9B6060F27883559006BEDFB /* CellIdentifierable.swift in Sources */,
				E9B6060D27883421006BEDFB /* UITableViewCell+Extension.swift in Sources */,
				E9F4E881272853950089ED10 /* ViewController.swift in Sources */,
				E9B6061527883732006BEDFB /* GithubAPI.swift in Sources */,
				E9B6062027883804006BEDFB /* Reactions.swift in Sources */,
				E9F4E87D272853950089ED10 /* AppDelegate.swift in Sources */,
				E9B6061127883577006BEDFB /* ViewControllerFromStoryBoard.swift in Sources */,
				E9B6061327883581006BEDFB /* StoryboardName.swift in Sources */,
				E9B6060B278833A5006BEDFB /* UIView+Extension.swift in Sources */,
				E9F4E87F272853950089ED10 /* SceneDelegate.swift in Sources */,
				E9B6061A278837EF006BEDFB /* Issue.swift in Sources */,
			);
			runOnlyForDeploymentPostprocessing = 0;
		};
/* End PBXSourcesBuildPhase section */

/* Begin PBXVariantGroup section */
		E9F4E882272853950089ED10 /* Main.storyboard */ = {
			isa = PBXVariantGroup;
			children = (
				E9F4E883272853950089ED10 /* Base */,
			);
			name = Main.storyboard;
			sourceTree = "<group>";
		};
		E9F4E88A272853960089ED10 /* LaunchScreen.storyboard */ = {
			isa = PBXVariantGroup;
			children = (
				E9F4E88B272853960089ED10 /* Base */,
			);
			name = LaunchScreen.storyboard;
			sourceTree = "<group>";
		};
/* End PBXVariantGroup section */

/* Begin XCBuildConfiguration section */
		E9F4E88E272853960089ED10 /* Debug */ = {
			isa = XCBuildConfiguration;
			buildSettings = {
				ALWAYS_SEARCH_USER_PATHS = NO;
				CLANG_ANALYZER_NONNULL = YES;
				CLANG_ANALYZER_NUMBER_OBJECT_CONVERSION = YES_AGGRESSIVE;
				CLANG_CXX_LANGUAGE_STANDARD = "gnu++17";
				CLANG_CXX_LIBRARY = "libc++";
				CLANG_ENABLE_MODULES = YES;
				CLANG_ENABLE_OBJC_ARC = YES;
				CLANG_ENABLE_OBJC_WEAK = YES;
				CLANG_WARN_BLOCK_CAPTURE_AUTORELEASING = YES;
				CLANG_WARN_BOOL_CONVERSION = YES;
				CLANG_WARN_COMMA = YES;
				CLANG_WARN_CONSTANT_CONVERSION = YES;
				CLANG_WARN_DEPRECATED_OBJC_IMPLEMENTATIONS = YES;
				CLANG_WARN_DIRECT_OBJC_ISA_USAGE = YES_ERROR;
				CLANG_WARN_DOCUMENTATION_COMMENTS = YES;
				CLANG_WARN_EMPTY_BODY = YES;
				CLANG_WARN_ENUM_CONVERSION = YES;
				CLANG_WARN_INFINITE_RECURSION = YES;
				CLANG_WARN_INT_CONVERSION = YES;
				CLANG_WARN_NON_LITERAL_NULL_CONVERSION = YES;
				CLANG_WARN_OBJC_IMPLICIT_RETAIN_SELF = YES;
				CLANG_WARN_OBJC_LITERAL_CONVERSION = YES;
				CLANG_WARN_OBJC_ROOT_CLASS = YES_ERROR;
				CLANG_WARN_QUOTED_INCLUDE_IN_FRAMEWORK_HEADER = YES;
				CLANG_WARN_RANGE_LOOP_ANALYSIS = YES;
				CLANG_WARN_STRICT_PROTOTYPES = YES;
				CLANG_WARN_SUSPICIOUS_MOVE = YES;
				CLANG_WARN_UNGUARDED_AVAILABILITY = YES_AGGRESSIVE;
				CLANG_WARN_UNREACHABLE_CODE = YES;
				CLANG_WARN__DUPLICATE_METHOD_MATCH = YES;
				COPY_PHASE_STRIP = NO;
				DEBUG_INFORMATION_FORMAT = dwarf;
				ENABLE_STRICT_OBJC_MSGSEND = YES;
				ENABLE_TESTABILITY = YES;
				GCC_C_LANGUAGE_STANDARD = gnu11;
				GCC_DYNAMIC_NO_PIC = NO;
				GCC_NO_COMMON_BLOCKS = YES;
				GCC_OPTIMIZATION_LEVEL = 0;
				GCC_PREPROCESSOR_DEFINITIONS = (
					"DEBUG=1",
					"$(inherited)",
				);
				GCC_WARN_64_TO_32_BIT_CONVERSION = YES;
				GCC_WARN_ABOUT_RETURN_TYPE = YES_ERROR;
				GCC_WARN_UNDECLARED_SELECTOR = YES;
				GCC_WARN_UNINITIALIZED_AUTOS = YES_AGGRESSIVE;
				GCC_WARN_UNUSED_FUNCTION = YES;
				GCC_WARN_UNUSED_VARIABLE = YES;
				IPHONEOS_DEPLOYMENT_TARGET = 15.0;
				MTL_ENABLE_DEBUG_INFO = INCLUDE_SOURCE;
				MTL_FAST_MATH = YES;
				ONLY_ACTIVE_ARCH = YES;
				SDKROOT = iphoneos;
				SWIFT_ACTIVE_COMPILATION_CONDITIONS = DEBUG;
				SWIFT_OPTIMIZATION_LEVEL = "-Onone";
			};
			name = Debug;
		};
		E9F4E88F272853960089ED10 /* Release */ = {
			isa = XCBuildConfiguration;
			buildSettings = {
				ALWAYS_SEARCH_USER_PATHS = NO;
				CLANG_ANALYZER_NONNULL = YES;
				CLANG_ANALYZER_NUMBER_OBJECT_CONVERSION = YES_AGGRESSIVE;
				CLANG_CXX_LANGUAGE_STANDARD = "gnu++17";
				CLANG_CXX_LIBRARY = "libc++";
				CLANG_ENABLE_MODULES = YES;
				CLANG_ENABLE_OBJC_ARC = YES;
				CLANG_ENABLE_OBJC_WEAK = YES;
				CLANG_WARN_BLOCK_CAPTURE_AUTORELEASING = YES;
				CLANG_WARN_BOOL_CONVERSION = YES;
				CLANG_WARN_COMMA = YES;
				CLANG_WARN_CONSTANT_CONVERSION = YES;
				CLANG_WARN_DEPRECATED_OBJC_IMPLEMENTATIONS = YES;
				CLANG_WARN_DIRECT_OBJC_ISA_USAGE = YES_ERROR;
				CLANG_WARN_DOCUMENTATION_COMMENTS = YES;
				CLANG_WARN_EMPTY_BODY = YES;
				CLANG_WARN_ENUM_CONVERSION = YES;
				CLANG_WARN_INFINITE_RECURSION = YES;
				CLANG_WARN_INT_CONVERSION = YES;
				CLANG_WARN_NON_LITERAL_NULL_CONVERSION = YES;
				CLANG_WARN_OBJC_IMPLICIT_RETAIN_SELF = YES;
				CLANG_WARN_OBJC_LITERAL_CONVERSION = YES;
				CLANG_WARN_OBJC_ROOT_CLASS = YES_ERROR;
				CLANG_WARN_QUOTED_INCLUDE_IN_FRAMEWORK_HEADER = YES;
				CLANG_WARN_RANGE_LOOP_ANALYSIS = YES;
				CLANG_WARN_STRICT_PROTOTYPES = YES;
				CLANG_WARN_SUSPICIOUS_MOVE = YES;
				CLANG_WARN_UNGUARDED_AVAILABILITY = YES_AGGRESSIVE;
				CLANG_WARN_UNREACHABLE_CODE = YES;
				CLANG_WARN__DUPLICATE_METHOD_MATCH = YES;
				COPY_PHASE_STRIP = NO;
				DEBUG_INFORMATION_FORMAT = "dwarf-with-dsym";
				ENABLE_NS_ASSERTIONS = NO;
				ENABLE_STRICT_OBJC_MSGSEND = YES;
				GCC_C_LANGUAGE_STANDARD = gnu11;
				GCC_NO_COMMON_BLOCKS = YES;
				GCC_WARN_64_TO_32_BIT_CONVERSION = YES;
				GCC_WARN_ABOUT_RETURN_TYPE = YES_ERROR;
				GCC_WARN_UNDECLARED_SELECTOR = YES;
				GCC_WARN_UNINITIALIZED_AUTOS = YES_AGGRESSIVE;
				GCC_WARN_UNUSED_FUNCTION = YES;
				GCC_WARN_UNUSED_VARIABLE = YES;
				IPHONEOS_DEPLOYMENT_TARGET = 15.0;
				MTL_ENABLE_DEBUG_INFO = NO;
				MTL_FAST_MATH = YES;
				SDKROOT = iphoneos;
				SWIFT_COMPILATION_MODE = wholemodule;
				SWIFT_OPTIMIZATION_LEVEL = "-O";
				VALIDATE_PRODUCT = YES;
			};
			name = Release;
		};
		E9F4E891272853960089ED10 /* Debug */ = {
			isa = XCBuildConfiguration;
			buildSettings = {
				ASSETCATALOG_COMPILER_APPICON_NAME = AppIcon;
				ASSETCATALOG_COMPILER_GLOBAL_ACCENT_COLOR_NAME = AccentColor;
				CODE_SIGN_STYLE = Automatic;
				CURRENT_PROJECT_VERSION = 1;
				DEVELOPMENT_TEAM = 4U3LY873Q2;
				GENERATE_INFOPLIST_FILE = YES;
				INFOPLIST_FILE = "NetworkStudy/Supporting Files/Info.plist";
				INFOPLIST_KEY_UIApplicationSupportsIndirectInputEvents = YES;
				INFOPLIST_KEY_UILaunchStoryboardName = LaunchScreen;
				INFOPLIST_KEY_UIMainStoryboardFile = Main;
				INFOPLIST_KEY_UISupportedInterfaceOrientations_iPad = "UIInterfaceOrientationPortrait UIInterfaceOrientationPortraitUpsideDown UIInterfaceOrientationLandscapeLeft UIInterfaceOrientationLandscapeRight";
				INFOPLIST_KEY_UISupportedInterfaceOrientations_iPhone = "UIInterfaceOrientationPortrait UIInterfaceOrientationLandscapeLeft UIInterfaceOrientationLandscapeRight";
				LD_RUNPATH_SEARCH_PATHS = (
					"$(inherited)",
					"@executable_path/Frameworks",
				);
				MARKETING_VERSION = 1.0;
				PRODUCT_BUNDLE_IDENTIFIER = jeehge.com.NetworkStudy;
				PRODUCT_NAME = "$(TARGET_NAME)";
				SWIFT_EMIT_LOC_STRINGS = YES;
				SWIFT_VERSION = 5.0;
				TARGETED_DEVICE_FAMILY = "1,2";
			};
			name = Debug;
		};
		E9F4E892272853960089ED10 /* Release */ = {
			isa = XCBuildConfiguration;
			buildSettings = {
				ASSETCATALOG_COMPILER_APPICON_NAME = AppIcon;
				ASSETCATALOG_COMPILER_GLOBAL_ACCENT_COLOR_NAME = AccentColor;
				CODE_SIGN_STYLE = Automatic;
				CURRENT_PROJECT_VERSION = 1;
				DEVELOPMENT_TEAM = 4U3LY873Q2;
				GENERATE_INFOPLIST_FILE = YES;
				INFOPLIST_FILE = "NetworkStudy/Supporting Files/Info.plist";
				INFOPLIST_KEY_UIApplicationSupportsIndirectInputEvents = YES;
				INFOPLIST_KEY_UILaunchStoryboardName = LaunchScreen;
				INFOPLIST_KEY_UIMainStoryboardFile = Main;
				INFOPLIST_KEY_UISupportedInterfaceOrientations_iPad = "UIInterfaceOrientationPortrait UIInterfaceOrientationPortraitUpsideDown UIInterfaceOrientationLandscapeLeft UIInterfaceOrientationLandscapeRight";
				INFOPLIST_KEY_UISupportedInterfaceOrientations_iPhone = "UIInterfaceOrientationPortrait UIInterfaceOrientationLandscapeLeft UIInterfaceOrientationLandscapeRight";
				LD_RUNPATH_SEARCH_PATHS = (
					"$(inherited)",
					"@executable_path/Frameworks",
				);
				MARKETING_VERSION = 1.0;
				PRODUCT_BUNDLE_IDENTIFIER = jeehge.com.NetworkStudy;
				PRODUCT_NAME = "$(TARGET_NAME)";
				SWIFT_EMIT_LOC_STRINGS = YES;
				SWIFT_VERSION = 5.0;
				TARGETED_DEVICE_FAMILY = "1,2";
			};
			name = Release;
		};
/* End XCBuildConfiguration section */

/* Begin XCConfigurationList section */
		E9F4E874272853950089ED10 /* Build configuration list for PBXProject "NetworkStudy" */ = {
			isa = XCConfigurationList;
			buildConfigurations = (
				E9F4E88E272853960089ED10 /* Debug */,
				E9F4E88F272853960089ED10 /* Release */,
			);
			defaultConfigurationIsVisible = 0;
			defaultConfigurationName = Release;
		};
		E9F4E890272853960089ED10 /* Build configuration list for PBXNativeTarget "NetworkStudy" */ = {
			isa = XCConfigurationList;
			buildConfigurations = (
				E9F4E891272853960089ED10 /* Debug */,
				E9F4E892272853960089ED10 /* Release */,
			);
			defaultConfigurationIsVisible = 0;
			defaultConfigurationName = Release;
		};
/* End XCConfigurationList section */

/* Begin XCVersionGroup section */
		E9F4E885272853950089ED10 /* NetworkStudy.xcdatamodeld */ = {
			isa = XCVersionGroup;
			children = (
				E9F4E886272853950089ED10 /* NetworkStudy.xcdatamodel */,
			);
			currentVersion = E9F4E886272853950089ED10 /* NetworkStudy.xcdatamodel */;
			path = NetworkStudy.xcdatamodeld;
			sourceTree = "<group>";
			versionGroupType = wrapper.xcdatamodel;
		};
/* End XCVersionGroup section */
	};
	rootObject = E9F4E871272853950089ED10 /* Project object */;
}
