// !$*UTF8*$!
{
	archiveVersion = 1;
	classes = {
	};
	objectVersion = 55;
	objects = {

/* Begin PBXBuildFile section */
		E936BD5F288E766100348CDB /* Kingfisher in Frameworks */ = {isa = PBXBuildFile; productRef = E936BD5E288E766100348CDB /* Kingfisher */; };
		E936BD62288E768000348CDB /* SnapKit in Frameworks */ = {isa = PBXBuildFile; productRef = E936BD61288E768000348CDB /* SnapKit */; };
		E936BD65288E769900348CDB /* Then in Frameworks */ = {isa = PBXBuildFile; productRef = E936BD64288E769900348CDB /* Then */; };
		E936BD68288E76C600348CDB /* Alamofire in Frameworks */ = {isa = PBXBuildFile; productRef = E936BD67288E76C600348CDB /* Alamofire */; };
		E946911028928A8400A7D0DD /* IssueDetailViewController.swift in Sources */ = {isa = PBXBuildFile; fileRef = E946910F28928A8400A7D0DD /* IssueDetailViewController.swift */; };
		E946D73E289D4D9B008A0A80 /* NavigationView.swift in Sources */ = {isa = PBXBuildFile; fileRef = E946D73D289D4D9A008A0A80 /* NavigationView.swift */; };
		E946D741289D4E18008A0A80 /* ImagePageCell.swift in Sources */ = {isa = PBXBuildFile; fileRef = E946D740289D4E18008A0A80 /* ImagePageCell.swift */; };
		E953C3E127C13AE200795DF3 /* UITableViewCell+Extension.swift in Sources */ = {isa = PBXBuildFile; fileRef = E953C3E027C13AE200795DF3 /* UITableViewCell+Extension.swift */; };
		E961400027983BA100726FDB /* BaseViewController.swift in Sources */ = {isa = PBXBuildFile; fileRef = E9613FFF27983BA100726FDB /* BaseViewController.swift */; };
		E9614002279A7AD700726FDB /* IssueListViewController.swift in Sources */ = {isa = PBXBuildFile; fileRef = E9614001279A7AD700726FDB /* IssueListViewController.swift */; };
		E96FE8F227B15B0900356B38 /* MenuCellType.swift in Sources */ = {isa = PBXBuildFile; fileRef = E96FE8F127B15B0900356B38 /* MenuCellType.swift */; };
		E9772CCA2791A98C0085606D /* GoogleAPI.swift in Sources */ = {isa = PBXBuildFile; fileRef = E9772CC92791A98C0085606D /* GoogleAPI.swift */; };
		E9A7142327DD77990062A6C7 /* Google.storyboard in Resources */ = {isa = PBXBuildFile; fileRef = E9A7142227DD77990062A6C7 /* Google.storyboard */; };
		E9A7142627DD77AC0062A6C7 /* Github.storyboard in Resources */ = {isa = PBXBuildFile; fileRef = E9A7142527DD77AC0062A6C7 /* Github.storyboard */; };
		E9B6060B278833A5006BEDFB /* UIView+Extension.swift in Sources */ = {isa = PBXBuildFile; fileRef = E9B6060A278833A5006BEDFB /* UIView+Extension.swift */; };
		E9B6060F27883559006BEDFB /* ReuseViewIdentifierable.swift in Sources */ = {isa = PBXBuildFile; fileRef = E9B6060E27883559006BEDFB /* ReuseViewIdentifierable.swift */; };
		E9B6061127883577006BEDFB /* ViewControllerFromStoryBoard.swift in Sources */ = {isa = PBXBuildFile; fileRef = E9B6061027883577006BEDFB /* ViewControllerFromStoryBoard.swift */; };
		E9B6061327883581006BEDFB /* StoryboardName.swift in Sources */ = {isa = PBXBuildFile; fileRef = E9B6061227883581006BEDFB /* StoryboardName.swift */; };
		E9B6061527883732006BEDFB /* GithubAPI.swift in Sources */ = {isa = PBXBuildFile; fileRef = E9B6061427883732006BEDFB /* GithubAPI.swift */; };
		E9B6061727883794006BEDFB /* API.swift in Sources */ = {isa = PBXBuildFile; fileRef = E9B6061627883794006BEDFB /* API.swift */; };
		E9B6061A278837EF006BEDFB /* Issue.swift in Sources */ = {isa = PBXBuildFile; fileRef = E9B60619278837EF006BEDFB /* Issue.swift */; };
		E9B6061C278837F6006BEDFB /* User.swift in Sources */ = {isa = PBXBuildFile; fileRef = E9B6061B278837F6006BEDFB /* User.swift */; };
		E9B6061E278837FE006BEDFB /* PullRequest.swift in Sources */ = {isa = PBXBuildFile; fileRef = E9B6061D278837FE006BEDFB /* PullRequest.swift */; };
		E9B6062027883804006BEDFB /* Reactions.swift in Sources */ = {isa = PBXBuildFile; fileRef = E9B6061F27883804006BEDFB /* Reactions.swift */; };
		E9D892D0279A7D10002B05B1 /* IssueListCell.swift in Sources */ = {isa = PBXBuildFile; fileRef = E9D892CF279A7D10002B05B1 /* IssueListCell.swift */; };
		E9D892D6279A7E4B002B05B1 /* IssuesService.swift in Sources */ = {isa = PBXBuildFile; fileRef = E9D892D5279A7E4B002B05B1 /* IssuesService.swift */; };
		E9D892D8279A7E7E002B05B1 /* APIError.swift in Sources */ = {isa = PBXBuildFile; fileRef = E9D892D7279A7E7E002B05B1 /* APIError.swift */; };
		E9D892DA279A7EC3002B05B1 /* URL+Extension.swift in Sources */ = {isa = PBXBuildFile; fileRef = E9D892D9279A7EC3002B05B1 /* URL+Extension.swift */; };
		E9D892DC279C355D002B05B1 /* URLComponents+Extension.swift in Sources */ = {isa = PBXBuildFile; fileRef = E9D892DB279C355D002B05B1 /* URLComponents+Extension.swift */; };
		E9D892DF279CE68A002B05B1 /* ImageListViewController.swift in Sources */ = {isa = PBXBuildFile; fileRef = E9D892DE279CE68A002B05B1 /* ImageListViewController.swift */; };
		E9D8932027A5B9DB002B05B1 /* MenuListCell.swift in Sources */ = {isa = PBXBuildFile; fileRef = E9D8931F27A5B9DB002B05B1 /* MenuListCell.swift */; };
		E9E26B5C2894D2BD00085A93 /* ImageService.swift in Sources */ = {isa = PBXBuildFile; fileRef = E9E26B5B2894D2BD00085A93 /* ImageService.swift */; };
		E9E26B602894DEF000085A93 /* ImageList.swift in Sources */ = {isa = PBXBuildFile; fileRef = E9E26B5F2894DEF000085A93 /* ImageList.swift */; };
		E9E26B632894E03500085A93 /* ImageURL.swift in Sources */ = {isa = PBXBuildFile; fileRef = E9E26B622894E03500085A93 /* ImageURL.swift */; };
		E9E26B652894F36300085A93 /* Queries.swift in Sources */ = {isa = PBXBuildFile; fileRef = E9E26B642894F36300085A93 /* Queries.swift */; };
		E9E26B672894F39F00085A93 /* GoogleImage.swift in Sources */ = {isa = PBXBuildFile; fileRef = E9E26B662894F39F00085A93 /* GoogleImage.swift */; };
		E9E26B692894F44000085A93 /* SearchInformation.swift in Sources */ = {isa = PBXBuildFile; fileRef = E9E26B682894F44000085A93 /* SearchInformation.swift */; };
		E9E26B6C289A96F300085A93 /* ImageViewerViewController.swift in Sources */ = {isa = PBXBuildFile; fileRef = E9E26B6B289A96F300085A93 /* ImageViewerViewController.swift */; };
		E9F4E87D272853950089ED10 /* AppDelegate.swift in Sources */ = {isa = PBXBuildFile; fileRef = E9F4E87C272853950089ED10 /* AppDelegate.swift */; };
		E9F4E87F272853950089ED10 /* SceneDelegate.swift in Sources */ = {isa = PBXBuildFile; fileRef = E9F4E87E272853950089ED10 /* SceneDelegate.swift */; };
		E9F4E881272853950089ED10 /* MenuViewController.swift in Sources */ = {isa = PBXBuildFile; fileRef = E9F4E880272853950089ED10 /* MenuViewController.swift */; };
		E9F4E884272853950089ED10 /* Main.storyboard in Resources */ = {isa = PBXBuildFile; fileRef = E9F4E882272853950089ED10 /* Main.storyboard */; };
		E9F4E887272853950089ED10 /* NetworkStudy.xcdatamodeld in Sources */ = {isa = PBXBuildFile; fileRef = E9F4E885272853950089ED10 /* NetworkStudy.xcdatamodeld */; };
		E9F4E889272853960089ED10 /* Assets.xcassets in Resources */ = {isa = PBXBuildFile; fileRef = E9F4E888272853960089ED10 /* Assets.xcassets */; };
		E9F4E88C272853960089ED10 /* LaunchScreen.storyboard in Resources */ = {isa = PBXBuildFile; fileRef = E9F4E88A272853960089ED10 /* LaunchScreen.storyboard */; };
/* End PBXBuildFile section */

/* Begin PBXFileReference section */
		E946910F28928A8400A7D0DD /* IssueDetailViewController.swift */ = {isa = PBXFileReference; lastKnownFileType = sourcecode.swift; path = IssueDetailViewController.swift; sourceTree = "<group>"; };
		E946D73D289D4D9A008A0A80 /* NavigationView.swift */ = {isa = PBXFileReference; lastKnownFileType = sourcecode.swift; path = NavigationView.swift; sourceTree = "<group>"; };
		E946D740289D4E18008A0A80 /* ImagePageCell.swift */ = {isa = PBXFileReference; lastKnownFileType = sourcecode.swift; path = ImagePageCell.swift; sourceTree = "<group>"; };
		E953C3E027C13AE200795DF3 /* UITableViewCell+Extension.swift */ = {isa = PBXFileReference; lastKnownFileType = sourcecode.swift; path = "UITableViewCell+Extension.swift"; sourceTree = "<group>"; };
		E9613FFF27983BA100726FDB /* BaseViewController.swift */ = {isa = PBXFileReference; lastKnownFileType = sourcecode.swift; path = BaseViewController.swift; sourceTree = "<group>"; };
		E9614001279A7AD700726FDB /* IssueListViewController.swift */ = {isa = PBXFileReference; lastKnownFileType = sourcecode.swift; path = IssueListViewController.swift; sourceTree = "<group>"; };
		E96FE8F127B15B0900356B38 /* MenuCellType.swift */ = {isa = PBXFileReference; lastKnownFileType = sourcecode.swift; path = MenuCellType.swift; sourceTree = "<group>"; };
		E9772CC92791A98C0085606D /* GoogleAPI.swift */ = {isa = PBXFileReference; lastKnownFileType = sourcecode.swift; path = GoogleAPI.swift; sourceTree = "<group>"; };
		E9A7142227DD77990062A6C7 /* Google.storyboard */ = {isa = PBXFileReference; lastKnownFileType = file.storyboard; path = Google.storyboard; sourceTree = "<group>"; };
		E9A7142527DD77AC0062A6C7 /* Github.storyboard */ = {isa = PBXFileReference; lastKnownFileType = file.storyboard; path = Github.storyboard; sourceTree = "<group>"; };
		E9B6060A278833A5006BEDFB /* UIView+Extension.swift */ = {isa = PBXFileReference; lastKnownFileType = sourcecode.swift; path = "UIView+Extension.swift"; sourceTree = "<group>"; };
		E9B6060E27883559006BEDFB /* ReuseViewIdentifierable.swift */ = {isa = PBXFileReference; lastKnownFileType = sourcecode.swift; path = ReuseViewIdentifierable.swift; sourceTree = "<group>"; };
		E9B6061027883577006BEDFB /* ViewControllerFromStoryBoard.swift */ = {isa = PBXFileReference; lastKnownFileType = sourcecode.swift; path = ViewControllerFromStoryBoard.swift; sourceTree = "<group>"; };
		E9B6061227883581006BEDFB /* StoryboardName.swift */ = {isa = PBXFileReference; lastKnownFileType = sourcecode.swift; path = StoryboardName.swift; sourceTree = "<group>"; };
		E9B6061427883732006BEDFB /* GithubAPI.swift */ = {isa = PBXFileReference; lastKnownFileType = sourcecode.swift; path = GithubAPI.swift; sourceTree = "<group>"; };
		E9B6061627883794006BEDFB /* API.swift */ = {isa = PBXFileReference; lastKnownFileType = sourcecode.swift; path = API.swift; sourceTree = "<group>"; };
		E9B60619278837EF006BEDFB /* Issue.swift */ = {isa = PBXFileReference; lastKnownFileType = sourcecode.swift; path = Issue.swift; sourceTree = "<group>"; };
		E9B6061B278837F6006BEDFB /* User.swift */ = {isa = PBXFileReference; lastKnownFileType = sourcecode.swift; path = User.swift; sourceTree = "<group>"; };
		E9B6061D278837FE006BEDFB /* PullRequest.swift */ = {isa = PBXFileReference; lastKnownFileType = sourcecode.swift; path = PullRequest.swift; sourceTree = "<group>"; };
		E9B6061F27883804006BEDFB /* Reactions.swift */ = {isa = PBXFileReference; lastKnownFileType = sourcecode.swift; path = Reactions.swift; sourceTree = "<group>"; };
		E9D892CF279A7D10002B05B1 /* IssueListCell.swift */ = {isa = PBXFileReference; lastKnownFileType = sourcecode.swift; path = IssueListCell.swift; sourceTree = "<group>"; };
		E9D892D5279A7E4B002B05B1 /* IssuesService.swift */ = {isa = PBXFileReference; lastKnownFileType = sourcecode.swift; path = IssuesService.swift; sourceTree = "<group>"; };
		E9D892D7279A7E7E002B05B1 /* APIError.swift */ = {isa = PBXFileReference; lastKnownFileType = sourcecode.swift; path = APIError.swift; sourceTree = "<group>"; };
		E9D892D9279A7EC3002B05B1 /* URL+Extension.swift */ = {isa = PBXFileReference; lastKnownFileType = sourcecode.swift; path = "URL+Extension.swift"; sourceTree = "<group>"; };
		E9D892DB279C355D002B05B1 /* URLComponents+Extension.swift */ = {isa = PBXFileReference; lastKnownFileType = sourcecode.swift; path = "URLComponents+Extension.swift"; sourceTree = "<group>"; };
		E9D892DE279CE68A002B05B1 /* ImageListViewController.swift */ = {isa = PBXFileReference; lastKnownFileType = sourcecode.swift; path = ImageListViewController.swift; sourceTree = "<group>"; };
		E9D8931F27A5B9DB002B05B1 /* MenuListCell.swift */ = {isa = PBXFileReference; lastKnownFileType = sourcecode.swift; path = MenuListCell.swift; sourceTree = "<group>"; };
		E9E26B5B2894D2BD00085A93 /* ImageService.swift */ = {isa = PBXFileReference; lastKnownFileType = sourcecode.swift; path = ImageService.swift; sourceTree = "<group>"; };
		E9E26B5F2894DEF000085A93 /* ImageList.swift */ = {isa = PBXFileReference; lastKnownFileType = sourcecode.swift; path = ImageList.swift; sourceTree = "<group>"; };
		E9E26B622894E03500085A93 /* ImageURL.swift */ = {isa = PBXFileReference; lastKnownFileType = sourcecode.swift; path = ImageURL.swift; sourceTree = "<group>"; };
		E9E26B642894F36300085A93 /* Queries.swift */ = {isa = PBXFileReference; lastKnownFileType = sourcecode.swift; path = Queries.swift; sourceTree = "<group>"; };
		E9E26B662894F39F00085A93 /* GoogleImage.swift */ = {isa = PBXFileReference; lastKnownFileType = sourcecode.swift; path = GoogleImage.swift; sourceTree = "<group>"; };
		E9E26B682894F44000085A93 /* SearchInformation.swift */ = {isa = PBXFileReference; lastKnownFileType = sourcecode.swift; path = SearchInformation.swift; sourceTree = "<group>"; };
		E9E26B6B289A96F300085A93 /* ImageViewerViewController.swift */ = {isa = PBXFileReference; lastKnownFileType = sourcecode.swift; path = ImageViewerViewController.swift; sourceTree = "<group>"; };
		E9F4E879272853950089ED10 /* NetworkStudy.app */ = {isa = PBXFileReference; explicitFileType = wrapper.application; includeInIndex = 0; path = NetworkStudy.app; sourceTree = BUILT_PRODUCTS_DIR; };
		E9F4E87C272853950089ED10 /* AppDelegate.swift */ = {isa = PBXFileReference; lastKnownFileType = sourcecode.swift; path = AppDelegate.swift; sourceTree = "<group>"; };
		E9F4E87E272853950089ED10 /* SceneDelegate.swift */ = {isa = PBXFileReference; lastKnownFileType = sourcecode.swift; path = SceneDelegate.swift; sourceTree = "<group>"; };
		E9F4E880272853950089ED10 /* MenuViewController.swift */ = {isa = PBXFileReference; lastKnownFileType = sourcecode.swift; path = MenuViewController.swift; sourceTree = "<group>"; };
		E9F4E883272853950089ED10 /* Base */ = {isa = PBXFileReference; lastKnownFileType = file.storyboard; name = Base; path = Base.lproj/Main.storyboard; sourceTree = "<group>"; };
		E9F4E886272853950089ED10 /* NetworkStudy.xcdatamodel */ = {isa = PBXFileReference; lastKnownFileType = wrapper.xcdatamodel; path = NetworkStudy.xcdatamodel; sourceTree = "<group>"; };
		E9F4E888272853960089ED10 /* Assets.xcassets */ = {isa = PBXFileReference; lastKnownFileType = folder.assetcatalog; path = Assets.xcassets; sourceTree = "<group>"; };
		E9F4E88B272853960089ED10 /* Base */ = {isa = PBXFileReference; lastKnownFileType = file.storyboard; name = Base; path = Base.lproj/LaunchScreen.storyboard; sourceTree = "<group>"; };
		E9F4E88D272853960089ED10 /* Info.plist */ = {isa = PBXFileReference; lastKnownFileType = text.plist.xml; path = Info.plist; sourceTree = "<group>"; };
/* End PBXFileReference section */

/* Begin PBXFrameworksBuildPhase section */
		E9F4E876272853950089ED10 /* Frameworks */ = {
			isa = PBXFrameworksBuildPhase;
			buildActionMask = 2147483647;
			files = (
				E936BD5F288E766100348CDB /* Kingfisher in Frameworks */,
				E936BD68288E76C600348CDB /* Alamofire in Frameworks */,
				E936BD65288E769900348CDB /* Then in Frameworks */,
				E936BD62288E768000348CDB /* SnapKit in Frameworks */,
			);
			runOnlyForDeploymentPostprocessing = 0;
		};
/* End PBXFrameworksBuildPhase section */

/* Begin PBXGroup section */
		E946D73F289D4E11008A0A80 /* Cell */ = {
			isa = PBXGroup;
			children = (
				E946D740289D4E18008A0A80 /* ImagePageCell.swift */,
			);
			path = Cell;
			sourceTree = "<group>";
		};
		E9614003279A7ADA00726FDB /* Github */ = {
			isa = PBXGroup;
			children = (
				E9D892CD279A7CFE002B05B1 /* Issue */,
				E9614001279A7AD700726FDB /* IssueListViewController.swift */,
				E946910F28928A8400A7D0DD /* IssueDetailViewController.swift */,
				E9A7142527DD77AC0062A6C7 /* Github.storyboard */,
			);
			path = Github;
			sourceTree = "<group>";
		};
		E9614004279A7AE400726FDB /* Base */ = {
			isa = PBXGroup;
			children = (
				E9613FFF27983BA100726FDB /* BaseViewController.swift */,
				E946D73D289D4D9A008A0A80 /* NavigationView.swift */,
			);
			path = Base;
			sourceTree = "<group>";
		};
		E9B6060227883107006BEDFB /* Common */ = {
			isa = PBXGroup;
			children = (
				E9B6060E27883559006BEDFB /* ReuseViewIdentifierable.swift */,
				E9B6061027883577006BEDFB /* ViewControllerFromStoryBoard.swift */,
				E9B6061227883581006BEDFB /* StoryboardName.swift */,
				E96FE8F127B15B0900356B38 /* MenuCellType.swift */,
			);
			path = Common;
			sourceTree = "<group>";
		};
		E9B606032788310E006BEDFB /* Utils */ = {
			isa = PBXGroup;
			children = (
				E9B606052788318F006BEDFB /* Extension */,
			);
			path = Utils;
			sourceTree = "<group>";
		};
		E9B6060427883180006BEDFB /* API */ = {
			isa = PBXGroup;
			children = (
				E9B6061627883794006BEDFB /* API.swift */,
				E9B6061427883732006BEDFB /* GithubAPI.swift */,
				E9772CC92791A98C0085606D /* GoogleAPI.swift */,
				E9D892D7279A7E7E002B05B1 /* APIError.swift */,
			);
			path = API;
			sourceTree = "<group>";
		};
		E9B606052788318F006BEDFB /* Extension */ = {
			isa = PBXGroup;
			children = (
				E9B6060A278833A5006BEDFB /* UIView+Extension.swift */,
				E9D892D9279A7EC3002B05B1 /* URL+Extension.swift */,
				E9D892DB279C355D002B05B1 /* URLComponents+Extension.swift */,
				E953C3E027C13AE200795DF3 /* UITableViewCell+Extension.swift */,
			);
			path = Extension;
			sourceTree = "<group>";
		};
		E9B60606278831C7006BEDFB /* Supporting Files */ = {
			isa = PBXGroup;
			children = (
				E9F4E888272853960089ED10 /* Assets.xcassets */,
				E9F4E88A272853960089ED10 /* LaunchScreen.storyboard */,
				E9F4E88D272853960089ED10 /* Info.plist */,
			);
			path = "Supporting Files";
			sourceTree = "<group>";
		};
		E9B60607278831E7006BEDFB /* View */ = {
			isa = PBXGroup;
			children = (
				E9614004279A7AE400726FDB /* Base */,
				E9D8932127A5B9EA002B05B1 /* Menu */,
				E9D892DD279CE679002B05B1 /* Google */,
				E9614003279A7ADA00726FDB /* Github */,
				E9F4E882272853950089ED10 /* Main.storyboard */,
			);
			path = View;
			sourceTree = "<group>";
		};
		E9B60608278831F1006BEDFB /* ViewModel */ = {
			isa = PBXGroup;
			children = (
			);
			path = ViewModel;
			sourceTree = "<group>";
		};
		E9B60609278831F9006BEDFB /* Model */ = {
			isa = PBXGroup;
			children = (
				E9E26B5D2894DE8E00085A93 /* Google */,
				E9B60618278837E4006BEDFB /* Github */,
			);
			path = Model;
			sourceTree = "<group>";
		};
		E9B60618278837E4006BEDFB /* Github */ = {
			isa = PBXGroup;
			children = (
				E9E26B612894DF1700085A93 /* Issue */,
				E9B6061B278837F6006BEDFB /* User.swift */,
				E9B6061D278837FE006BEDFB /* PullRequest.swift */,
				E9B6061F27883804006BEDFB /* Reactions.swift */,
			);
			path = Github;
			sourceTree = "<group>";
		};
		E9D892CD279A7CFE002B05B1 /* Issue */ = {
			isa = PBXGroup;
			children = (
				E9D892CE279A7D05002B05B1 /* Custom Cell */,
			);
			path = Issue;
			sourceTree = "<group>";
		};
		E9D892CE279A7D05002B05B1 /* Custom Cell */ = {
			isa = PBXGroup;
			children = (
				E9D892CF279A7D10002B05B1 /* IssueListCell.swift */,
			);
			path = "Custom Cell";
			sourceTree = "<group>";
		};
		E9D892D4279A7E32002B05B1 /* Service */ = {
			isa = PBXGroup;
			children = (
				E9D892D5279A7E4B002B05B1 /* IssuesService.swift */,
				E9E26B5B2894D2BD00085A93 /* ImageService.swift */,
			);
			path = Service;
			sourceTree = "<group>";
		};
		E9D892DD279CE679002B05B1 /* Google */ = {
			isa = PBXGroup;
			children = (
				E9E26B6A289A96CF00085A93 /* ImageViewer */,
				E9D892DE279CE68A002B05B1 /* ImageListViewController.swift */,
				E9A7142227DD77990062A6C7 /* Google.storyboard */,
			);
			path = Google;
			sourceTree = "<group>";
		};
		E9D8932127A5B9EA002B05B1 /* Menu */ = {
			isa = PBXGroup;
			children = (
				E9D8932227A5B9F7002B05B1 /* Custom Cell */,
				E9F4E880272853950089ED10 /* MenuViewController.swift */,
			);
			path = Menu;
			sourceTree = "<group>";
		};
		E9D8932227A5B9F7002B05B1 /* Custom Cell */ = {
			isa = PBXGroup;
			children = (
				E9D8931F27A5B9DB002B05B1 /* MenuListCell.swift */,
			);
			path = "Custom Cell";
			sourceTree = "<group>";
		};
		E9E26B5D2894DE8E00085A93 /* Google */ = {
			isa = PBXGroup;
			children = (
				E9E26B5E2894DE9700085A93 /* Image */,
				E9E26B622894E03500085A93 /* ImageURL.swift */,
				E9E26B642894F36300085A93 /* Queries.swift */,
				E9E26B662894F39F00085A93 /* GoogleImage.swift */,
				E9E26B682894F44000085A93 /* SearchInformation.swift */,
			);
			path = Google;
			sourceTree = "<group>";
		};
		E9E26B5E2894DE9700085A93 /* Image */ = {
			isa = PBXGroup;
			children = (
				E9E26B5F2894DEF000085A93 /* ImageList.swift */,
			);
			path = Image;
			sourceTree = "<group>";
		};
		E9E26B612894DF1700085A93 /* Issue */ = {
			isa = PBXGroup;
			children = (
				E9B60619278837EF006BEDFB /* Issue.swift */,
			);
			path = Issue;
			sourceTree = "<group>";
		};
		E9E26B6A289A96CF00085A93 /* ImageViewer */ = {
			isa = PBXGroup;
			children = (
				E946D73F289D4E11008A0A80 /* Cell */,
				E9E26B6B289A96F300085A93 /* ImageViewerViewController.swift */,
			);
			path = ImageViewer;
			sourceTree = "<group>";
		};
		E9F4E870272853950089ED10 = {
			isa = PBXGroup;
			children = (
				E9F4E87B272853950089ED10 /* NetworkStudy */,
				E9F4E87A272853950089ED10 /* Products */,
			);
			sourceTree = "<group>";
		};
		E9F4E87A272853950089ED10 /* Products */ = {
			isa = PBXGroup;
			children = (
				E9F4E879272853950089ED10 /* NetworkStudy.app */,
			);
			name = Products;
			sourceTree = "<group>";
		};
		E9F4E87B272853950089ED10 /* NetworkStudy */ = {
			isa = PBXGroup;
			children = (
				E9F4E87C272853950089ED10 /* AppDelegate.swift */,
				E9F4E87E272853950089ED10 /* SceneDelegate.swift */,
				E9B6060227883107006BEDFB /* Common */,
				E9B60607278831E7006BEDFB /* View */,
				E9B60608278831F1006BEDFB /* ViewModel */,
				E9B6060427883180006BEDFB /* API */,
				E9D892D4279A7E32002B05B1 /* Service */,
				E9B60609278831F9006BEDFB /* Model */,
				E9B606032788310E006BEDFB /* Utils */,
				E9B60606278831C7006BEDFB /* Supporting Files */,
				E9F4E885272853950089ED10 /* NetworkStudy.xcdatamodeld */,
			);
			path = NetworkStudy;
			sourceTree = "<group>";
		};
/* End PBXGroup section */

/* Begin PBXNativeTarget section */
		E9F4E878272853950089ED10 /* NetworkStudy */ = {
			isa = PBXNativeTarget;
			buildConfigurationList = E9F4E890272853960089ED10 /* Build configuration list for PBXNativeTarget "NetworkStudy" */;
			buildPhases = (
				E9F4E875272853950089ED10 /* Sources */,
				E9F4E876272853950089ED10 /* Frameworks */,
				E9F4E877272853950089ED10 /* Resources */,
			);
			buildRules = (
			);
			dependencies = (
			);
			name = NetworkStudy;
			packageProductDependencies = (
				E936BD5E288E766100348CDB /* Kingfisher */,
				E936BD61288E768000348CDB /* SnapKit */,
				E936BD64288E769900348CDB /* Then */,
				E936BD67288E76C600348CDB /* Alamofire */,
			);
			productName = NetworkStudy;
			productReference = E9F4E879272853950089ED10 /* NetworkStudy.app */;
			productType = "com.apple.product-type.application";
		};
/* End PBXNativeTarget section */

/* Begin PBXProject section */
		E9F4E871272853950089ED10 /* Project object */ = {
			isa = PBXProject;
			attributes = {
				BuildIndependentTargetsInParallel = 1;
				LastSwiftUpdateCheck = 1300;
				LastUpgradeCheck = 1300;
				TargetAttributes = {
					E9F4E878272853950089ED10 = {
						CreatedOnToolsVersion = 13.0;
					};
				};
			};
			buildConfigurationList = E9F4E874272853950089ED10 /* Build configuration list for PBXProject "NetworkStudy" */;
			compatibilityVersion = "Xcode 13.0";
			developmentRegion = en;
			hasScannedForEncodings = 0;
			knownRegions = (
				en,
				Base,
			);
			mainGroup = E9F4E870272853950089ED10;
			packageReferences = (
				E936BD5D288E766000348CDB /* XCRemoteSwiftPackageReference "Kingfisher" */,
				E936BD60288E768000348CDB /* XCRemoteSwiftPackageReference "SnapKit" */,
				E936BD63288E769900348CDB /* XCRemoteSwiftPackageReference "Then" */,
				E936BD66288E76C600348CDB /* XCRemoteSwiftPackageReference "Alamofire" */,
			);
			productRefGroup = E9F4E87A272853950089ED10 /* Products */;
			projectDirPath = "";
			projectRoot = "";
			targets = (
				E9F4E878272853950089ED10 /* NetworkStudy */,
			);
		};
/* End PBXProject section */

/* Begin PBXResourcesBuildPhase section */
		E9F4E877272853950089ED10 /* Resources */ = {
			isa = PBXResourcesBuildPhase;
			buildActionMask = 2147483647;
			files = (
				E9F4E88C272853960089ED10 /* LaunchScreen.storyboard in Resources */,
				E9A7142327DD77990062A6C7 /* Google.storyboard in Resources */,
				E9F4E889272853960089ED10 /* Assets.xcassets in Resources */,
				E9A7142627DD77AC0062A6C7 /* Github.storyboard in Resources */,
				E9F4E884272853950089ED10 /* Main.storyboard in Resources */,
			);
			runOnlyForDeploymentPostprocessing = 0;
		};
/* End PBXResourcesBuildPhase section */

/* Begin PBXSourcesBuildPhase section */
		E9F4E875272853950089ED10 /* Sources */ = {
			isa = PBXSourcesBuildPhase;
			buildActionMask = 2147483647;
			files = (
				E9B6061C278837F6006BEDFB /* User.swift in Sources */,
				E9772CCA2791A98C0085606D /* GoogleAPI.swift in Sources */,
				E946911028928A8400A7D0DD /* IssueDetailViewController.swift in Sources */,
				E9E26B692894F44000085A93 /* SearchInformation.swift in Sources */,
				E9B6061727883794006BEDFB /* API.swift in Sources */,
				E9D892DA279A7EC3002B05B1 /* URL+Extension.swift in Sources */,
				E9D892D6279A7E4B002B05B1 /* IssuesService.swift in Sources */,
				E946D73E289D4D9B008A0A80 /* NavigationView.swift in Sources */,
				E9B6061E278837FE006BEDFB /* PullRequest.swift in Sources */,
				E9D892DF279CE68A002B05B1 /* ImageListViewController.swift in Sources */,
				E9F4E887272853950089ED10 /* NetworkStudy.xcdatamodeld in Sources */,
				E9E26B6C289A96F300085A93 /* ImageViewerViewController.swift in Sources */,
				E9B6060F27883559006BEDFB /* ReuseViewIdentifierable.swift in Sources */,
				E961400027983BA100726FDB /* BaseViewController.swift in Sources */,
				E9F4E881272853950089ED10 /* MenuViewController.swift in Sources */,
				E9E26B672894F39F00085A93 /* GoogleImage.swift in Sources */,
				E96FE8F227B15B0900356B38 /* MenuCellType.swift in Sources */,
				E9E26B5C2894D2BD00085A93 /* ImageService.swift in Sources */,
				E946D741289D4E18008A0A80 /* ImagePageCell.swift in Sources */,
				E9B6061527883732006BEDFB /* GithubAPI.swift in Sources */,
				E9E26B632894E03500085A93 /* ImageURL.swift in Sources */,
				E9B6062027883804006BEDFB /* Reactions.swift in Sources */,
				E9F4E87D272853950089ED10 /* AppDelegate.swift in Sources */,
				E9D8932027A5B9DB002B05B1 /* MenuListCell.swift in Sources */,
				E9614002279A7AD700726FDB /* IssueListViewController.swift in Sources */,
				E9B6061127883577006BEDFB /* ViewControllerFromStoryBoard.swift in Sources */,
				E9B6061327883581006BEDFB /* StoryboardName.swift in Sources */,
				E9D892D0279A7D10002B05B1 /* IssueListCell.swift in Sources */,
				E953C3E127C13AE200795DF3 /* UITableViewCell+Extension.swift in Sources */,
				E9D892DC279C355D002B05B1 /* URLComponents+Extension.swift in Sources */,
				E9B6060B278833A5006BEDFB /* UIView+Extension.swift in Sources */,
				E9E26B602894DEF000085A93 /* ImageList.swift in Sources */,
				E9F4E87F272853950089ED10 /* SceneDelegate.swift in Sources */,
				E9B6061A278837EF006BEDFB /* Issue.swift in Sources */,
				E9D892D8279A7E7E002B05B1 /* APIError.swift in Sources */,
				E9E26B652894F36300085A93 /* Queries.swift in Sources */,
			);
			runOnlyForDeploymentPostprocessing = 0;
		};
/* End PBXSourcesBuildPhase section */

/* Begin PBXVariantGroup section */
		E9F4E882272853950089ED10 /* Main.storyboard */ = {
			isa = PBXVariantGroup;
			children = (
				E9F4E883272853950089ED10 /* Base */,
			);
			name = Main.storyboard;
			sourceTree = "<group>";
		};
		E9F4E88A272853960089ED10 /* LaunchScreen.storyboard */ = {
			isa = PBXVariantGroup;
			children = (
				E9F4E88B272853960089ED10 /* Base */,
			);
			name = LaunchScreen.storyboard;
			sourceTree = "<group>";
		};
/* End PBXVariantGroup section */

/* Begin XCBuildConfiguration section */
		E9F4E88E272853960089ED10 /* Debug */ = {
			isa = XCBuildConfiguration;
			buildSettings = {
				ALWAYS_SEARCH_USER_PATHS = NO;
				CLANG_ANALYZER_NONNULL = YES;
				CLANG_ANALYZER_NUMBER_OBJECT_CONVERSION = YES_AGGRESSIVE;
				CLANG_CXX_LANGUAGE_STANDARD = "gnu++17";
				CLANG_CXX_LIBRARY = "libc++";
				CLANG_ENABLE_MODULES = YES;
				CLANG_ENABLE_OBJC_ARC = YES;
				CLANG_ENABLE_OBJC_WEAK = YES;
				CLANG_WARN_BLOCK_CAPTURE_AUTORELEASING = YES;
				CLANG_WARN_BOOL_CONVERSION = YES;
				CLANG_WARN_COMMA = YES;
				CLANG_WARN_CONSTANT_CONVERSION = YES;
				CLANG_WARN_DEPRECATED_OBJC_IMPLEMENTATIONS = YES;
				CLANG_WARN_DIRECT_OBJC_ISA_USAGE = YES_ERROR;
				CLANG_WARN_DOCUMENTATION_COMMENTS = YES;
				CLANG_WARN_EMPTY_BODY = YES;
				CLANG_WARN_ENUM_CONVERSION = YES;
				CLANG_WARN_INFINITE_RECURSION = YES;
				CLANG_WARN_INT_CONVERSION = YES;
				CLANG_WARN_NON_LITERAL_NULL_CONVERSION = YES;
				CLANG_WARN_OBJC_IMPLICIT_RETAIN_SELF = YES;
				CLANG_WARN_OBJC_LITERAL_CONVERSION = YES;
				CLANG_WARN_OBJC_ROOT_CLASS = YES_ERROR;
				CLANG_WARN_QUOTED_INCLUDE_IN_FRAMEWORK_HEADER = YES;
				CLANG_WARN_RANGE_LOOP_ANALYSIS = YES;
				CLANG_WARN_STRICT_PROTOTYPES = YES;
				CLANG_WARN_SUSPICIOUS_MOVE = YES;
				CLANG_WARN_UNGUARDED_AVAILABILITY = YES_AGGRESSIVE;
				CLANG_WARN_UNREACHABLE_CODE = YES;
				CLANG_WARN__DUPLICATE_METHOD_MATCH = YES;
				COPY_PHASE_STRIP = NO;
				DEBUG_INFORMATION_FORMAT = dwarf;
				ENABLE_STRICT_OBJC_MSGSEND = YES;
				ENABLE_TESTABILITY = YES;
				GCC_C_LANGUAGE_STANDARD = gnu11;
				GCC_DYNAMIC_NO_PIC = NO;
				GCC_NO_COMMON_BLOCKS = YES;
				GCC_OPTIMIZATION_LEVEL = 0;
				GCC_PREPROCESSOR_DEFINITIONS = (
					"DEBUG=1",
					"$(inherited)",
				);
				GCC_WARN_64_TO_32_BIT_CONVERSION = YES;
				GCC_WARN_ABOUT_RETURN_TYPE = YES_ERROR;
				GCC_WARN_UNDECLARED_SELECTOR = YES;
				GCC_WARN_UNINITIALIZED_AUTOS = YES_AGGRESSIVE;
				GCC_WARN_UNUSED_FUNCTION = YES;
				GCC_WARN_UNUSED_VARIABLE = YES;
				IPHONEOS_DEPLOYMENT_TARGET = 15.0;
				MTL_ENABLE_DEBUG_INFO = INCLUDE_SOURCE;
				MTL_FAST_MATH = YES;
				ONLY_ACTIVE_ARCH = YES;
				SDKROOT = iphoneos;
				SWIFT_ACTIVE_COMPILATION_CONDITIONS = DEBUG;
				SWIFT_OPTIMIZATION_LEVEL = "-Onone";
			};
			name = Debug;
		};
		E9F4E88F272853960089ED10 /* Release */ = {
			isa = XCBuildConfiguration;
			buildSettings = {
				ALWAYS_SEARCH_USER_PATHS = NO;
				CLANG_ANALYZER_NONNULL = YES;
				CLANG_ANALYZER_NUMBER_OBJECT_CONVERSION = YES_AGGRESSIVE;
				CLANG_CXX_LANGUAGE_STANDARD = "gnu++17";
				CLANG_CXX_LIBRARY = "libc++";
				CLANG_ENABLE_MODULES = YES;
				CLANG_ENABLE_OBJC_ARC = YES;
				CLANG_ENABLE_OBJC_WEAK = YES;
				CLANG_WARN_BLOCK_CAPTURE_AUTORELEASING = YES;
				CLANG_WARN_BOOL_CONVERSION = YES;
				CLANG_WARN_COMMA = YES;
				CLANG_WARN_CONSTANT_CONVERSION = YES;
				CLANG_WARN_DEPRECATED_OBJC_IMPLEMENTATIONS = YES;
				CLANG_WARN_DIRECT_OBJC_ISA_USAGE = YES_ERROR;
				CLANG_WARN_DOCUMENTATION_COMMENTS = YES;
				CLANG_WARN_EMPTY_BODY = YES;
				CLANG_WARN_ENUM_CONVERSION = YES;
				CLANG_WARN_INFINITE_RECURSION = YES;
				CLANG_WARN_INT_CONVERSION = YES;
				CLANG_WARN_NON_LITERAL_NULL_CONVERSION = YES;
				CLANG_WARN_OBJC_IMPLICIT_RETAIN_SELF = YES;
				CLANG_WARN_OBJC_LITERAL_CONVERSION = YES;
				CLANG_WARN_OBJC_ROOT_CLASS = YES_ERROR;
				CLANG_WARN_QUOTED_INCLUDE_IN_FRAMEWORK_HEADER = YES;
				CLANG_WARN_RANGE_LOOP_ANALYSIS = YES;
				CLANG_WARN_STRICT_PROTOTYPES = YES;
				CLANG_WARN_SUSPICIOUS_MOVE = YES;
				CLANG_WARN_UNGUARDED_AVAILABILITY = YES_AGGRESSIVE;
				CLANG_WARN_UNREACHABLE_CODE = YES;
				CLANG_WARN__DUPLICATE_METHOD_MATCH = YES;
				COPY_PHASE_STRIP = NO;
				DEBUG_INFORMATION_FORMAT = "dwarf-with-dsym";
				ENABLE_NS_ASSERTIONS = NO;
				ENABLE_STRICT_OBJC_MSGSEND = YES;
				GCC_C_LANGUAGE_STANDARD = gnu11;
				GCC_NO_COMMON_BLOCKS = YES;
				GCC_WARN_64_TO_32_BIT_CONVERSION = YES;
				GCC_WARN_ABOUT_RETURN_TYPE = YES_ERROR;
				GCC_WARN_UNDECLARED_SELECTOR = YES;
				GCC_WARN_UNINITIALIZED_AUTOS = YES_AGGRESSIVE;
				GCC_WARN_UNUSED_FUNCTION = YES;
				GCC_WARN_UNUSED_VARIABLE = YES;
				IPHONEOS_DEPLOYMENT_TARGET = 15.0;
				MTL_ENABLE_DEBUG_INFO = NO;
				MTL_FAST_MATH = YES;
				SDKROOT = iphoneos;
				SWIFT_COMPILATION_MODE = wholemodule;
				SWIFT_OPTIMIZATION_LEVEL = "-O";
				VALIDATE_PRODUCT = YES;
			};
			name = Release;
		};
		E9F4E891272853960089ED10 /* Debug */ = {
			isa = XCBuildConfiguration;
			buildSettings = {
				ASSETCATALOG_COMPILER_APPICON_NAME = AppIcon;
				ASSETCATALOG_COMPILER_GLOBAL_ACCENT_COLOR_NAME = AccentColor;
				CODE_SIGN_STYLE = Automatic;
				CURRENT_PROJECT_VERSION = 1;
				DEVELOPMENT_TEAM = 4U3LY873Q2;
				GENERATE_INFOPLIST_FILE = YES;
				INFOPLIST_FILE = "NetworkStudy/Supporting Files/Info.plist";
				INFOPLIST_KEY_UIApplicationSupportsIndirectInputEvents = YES;
				INFOPLIST_KEY_UILaunchStoryboardName = LaunchScreen;
				INFOPLIST_KEY_UIMainStoryboardFile = Main;
				INFOPLIST_KEY_UISupportedInterfaceOrientations_iPad = "UIInterfaceOrientationPortrait UIInterfaceOrientationPortraitUpsideDown UIInterfaceOrientationLandscapeLeft UIInterfaceOrientationLandscapeRight";
				INFOPLIST_KEY_UISupportedInterfaceOrientations_iPhone = "UIInterfaceOrientationPortrait UIInterfaceOrientationLandscapeLeft UIInterfaceOrientationLandscapeRight";
				LD_RUNPATH_SEARCH_PATHS = (
					"$(inherited)",
					"@executable_path/Frameworks",
				);
				MARKETING_VERSION = 1.0;
				PRODUCT_BUNDLE_IDENTIFIER = jeehge.com.NetworkStudy;
				PRODUCT_NAME = "$(TARGET_NAME)";
				SWIFT_EMIT_LOC_STRINGS = YES;
				SWIFT_VERSION = 5.0;
				TARGETED_DEVICE_FAMILY = 1;
			};
			name = Debug;
		};
		E9F4E892272853960089ED10 /* Release */ = {
			isa = XCBuildConfiguration;
			buildSettings = {
				ASSETCATALOG_COMPILER_APPICON_NAME = AppIcon;
				ASSETCATALOG_COMPILER_GLOBAL_ACCENT_COLOR_NAME = AccentColor;
				CODE_SIGN_STYLE = Automatic;
				CURRENT_PROJECT_VERSION = 1;
				DEVELOPMENT_TEAM = 4U3LY873Q2;
				GENERATE_INFOPLIST_FILE = YES;
				INFOPLIST_FILE = "NetworkStudy/Supporting Files/Info.plist";
				INFOPLIST_KEY_UIApplicationSupportsIndirectInputEvents = YES;
				INFOPLIST_KEY_UILaunchStoryboardName = LaunchScreen;
				INFOPLIST_KEY_UIMainStoryboardFile = Main;
				INFOPLIST_KEY_UISupportedInterfaceOrientations_iPad = "UIInterfaceOrientationPortrait UIInterfaceOrientationPortraitUpsideDown UIInterfaceOrientationLandscapeLeft UIInterfaceOrientationLandscapeRight";
				INFOPLIST_KEY_UISupportedInterfaceOrientations_iPhone = "UIInterfaceOrientationPortrait UIInterfaceOrientationLandscapeLeft UIInterfaceOrientationLandscapeRight";
				LD_RUNPATH_SEARCH_PATHS = (
					"$(inherited)",
					"@executable_path/Frameworks",
				);
				MARKETING_VERSION = 1.0;
				PRODUCT_BUNDLE_IDENTIFIER = jeehge.com.NetworkStudy;
				PRODUCT_NAME = "$(TARGET_NAME)";
				SWIFT_EMIT_LOC_STRINGS = YES;
				SWIFT_VERSION = 5.0;
				TARGETED_DEVICE_FAMILY = 1;
			};
			name = Release;
		};
/* End XCBuildConfiguration section */

/* Begin XCConfigurationList section */
		E9F4E874272853950089ED10 /* Build configuration list for PBXProject "NetworkStudy" */ = {
			isa = XCConfigurationList;
			buildConfigurations = (
				E9F4E88E272853960089ED10 /* Debug */,
				E9F4E88F272853960089ED10 /* Release */,
			);
			defaultConfigurationIsVisible = 0;
			defaultConfigurationName = Release;
		};
		E9F4E890272853960089ED10 /* Build configuration list for PBXNativeTarget "NetworkStudy" */ = {
			isa = XCConfigurationList;
			buildConfigurations = (
				E9F4E891272853960089ED10 /* Debug */,
				E9F4E892272853960089ED10 /* Release */,
			);
			defaultConfigurationIsVisible = 0;
			defaultConfigurationName = Release;
		};
/* End XCConfigurationList section */

/* Begin XCRemoteSwiftPackageReference section */
		E936BD5D288E766000348CDB /* XCRemoteSwiftPackageReference "Kingfisher" */ = {
			isa = XCRemoteSwiftPackageReference;
			repositoryURL = "https://github.com/onevcat/Kingfisher";
			requirement = {
				kind = upToNextMajorVersion;
				minimumVersion = 7.0.0;
			};
		};
		E936BD60288E768000348CDB /* XCRemoteSwiftPackageReference "SnapKit" */ = {
			isa = XCRemoteSwiftPackageReference;
			repositoryURL = "https://github.com/SnapKit/SnapKit";
			requirement = {
				branch = develop;
				kind = branch;
			};
		};
		E936BD63288E769900348CDB /* XCRemoteSwiftPackageReference "Then" */ = {
			isa = XCRemoteSwiftPackageReference;
			repositoryURL = "https://github.com/devxoul/Then";
			requirement = {
				branch = master;
				kind = branch;
			};
		};
		E936BD66288E76C600348CDB /* XCRemoteSwiftPackageReference "Alamofire" */ = {
			isa = XCRemoteSwiftPackageReference;
			repositoryURL = "https://github.com/Alamofire/Alamofire";
			requirement = {
				branch = master;
				kind = branch;
			};
		};
/* End XCRemoteSwiftPackageReference section */

/* Begin XCSwiftPackageProductDependency section */
		E936BD5E288E766100348CDB /* Kingfisher */ = {
			isa = XCSwiftPackageProductDependency;
			package = E936BD5D288E766000348CDB /* XCRemoteSwiftPackageReference "Kingfisher" */;
			productName = Kingfisher;
		};
		E936BD61288E768000348CDB /* SnapKit */ = {
			isa = XCSwiftPackageProductDependency;
			package = E936BD60288E768000348CDB /* XCRemoteSwiftPackageReference "SnapKit" */;
			productName = SnapKit;
		};
		E936BD64288E769900348CDB /* Then */ = {
			isa = XCSwiftPackageProductDependency;
			package = E936BD63288E769900348CDB /* XCRemoteSwiftPackageReference "Then" */;
			productName = Then;
		};
		E936BD67288E76C600348CDB /* Alamofire */ = {
			isa = XCSwiftPackageProductDependency;
			package = E936BD66288E76C600348CDB /* XCRemoteSwiftPackageReference "Alamofire" */;
			productName = Alamofire;
		};
/* End XCSwiftPackageProductDependency section */

/* Begin XCVersionGroup section */
		E9F4E885272853950089ED10 /* NetworkStudy.xcdatamodeld */ = {
			isa = XCVersionGroup;
			children = (
				E9F4E886272853950089ED10 /* NetworkStudy.xcdatamodel */,
			);
			currentVersion = E9F4E886272853950089ED10 /* NetworkStudy.xcdatamodel */;
			path = NetworkStudy.xcdatamodeld;
			sourceTree = "<group>";
			versionGroupType = wrapper.xcdatamodel;
		};
/* End XCVersionGroup section */
	};
	rootObject = E9F4E871272853950089ED10 /* Project object */;
}
