// !$*UTF8*$!
{
	archiveVersion = 1;
	classes = {
	};
	objectVersion = 55;
	objects = {

/* Begin PBXBuildFile section */
		E9C3AEA12772221E003153E7 /* AppDelegate.swift in Sources */ = {isa = PBXBuildFile; fileRef = E9C3AEA02772221E003153E7 /* AppDelegate.swift */; };
		E9C3AEA32772221E003153E7 /* SceneDelegate.swift in Sources */ = {isa = PBXBuildFile; fileRef = E9C3AEA22772221E003153E7 /* SceneDelegate.swift */; };
		E9C3AEA52772221E003153E7 /* ViewController.swift in Sources */ = {isa = PBXBuildFile; fileRef = E9C3AEA42772221E003153E7 /* ViewController.swift */; };
		E9C3AEA82772221E003153E7 /* Main.storyboard in Resources */ = {isa = PBXBuildFile; fileRef = E9C3AEA62772221E003153E7 /* Main.storyboard */; };
		E9C3AEAA27722220003153E7 /* Assets.xcassets in Resources */ = {isa = PBXBuildFile; fileRef = E9C3AEA927722220003153E7 /* Assets.xcassets */; };
		E9C3AEAD27722220003153E7 /* LaunchScreen.storyboard in Resources */ = {isa = PBXBuildFile; fileRef = E9C3AEAB27722220003153E7 /* LaunchScreen.storyboard */; };
		E9C3AEB827722220003153E7 /* URLSessionTutorialTests.swift in Sources */ = {isa = PBXBuildFile; fileRef = E9C3AEB727722220003153E7 /* URLSessionTutorialTests.swift */; };
		E9C3AEC227722220003153E7 /* URLSessionTutorialUITests.swift in Sources */ = {isa = PBXBuildFile; fileRef = E9C3AEC127722220003153E7 /* URLSessionTutorialUITests.swift */; };
		E9C3AEC427722220003153E7 /* URLSessionTutorialUITestsLaunchTests.swift in Sources */ = {isa = PBXBuildFile; fileRef = E9C3AEC327722220003153E7 /* URLSessionTutorialUITestsLaunchTests.swift */; };
/* End PBXBuildFile section */

/* Begin PBXContainerItemProxy section */
		E9C3AEB427722220003153E7 /* PBXContainerItemProxy */ = {
			isa = PBXContainerItemProxy;
			containerPortal = E9C3AE952772221E003153E7 /* Project object */;
			proxyType = 1;
			remoteGlobalIDString = E9C3AE9C2772221E003153E7;
			remoteInfo = URLSessionTutorial;
		};
		E9C3AEBE27722220003153E7 /* PBXContainerItemProxy */ = {
			isa = PBXContainerItemProxy;
			containerPortal = E9C3AE952772221E003153E7 /* Project object */;
			proxyType = 1;
			remoteGlobalIDString = E9C3AE9C2772221E003153E7;
			remoteInfo = URLSessionTutorial;
		};
/* End PBXContainerItemProxy section */

/* Begin PBXFileReference section */
		E9C3AE9D2772221E003153E7 /* URLSessionTutorial.app */ = {isa = PBXFileReference; explicitFileType = wrapper.application; includeInIndex = 0; path = URLSessionTutorial.app; sourceTree = BUILT_PRODUCTS_DIR; };
		E9C3AEA02772221E003153E7 /* AppDelegate.swift */ = {isa = PBXFileReference; lastKnownFileType = sourcecode.swift; path = AppDelegate.swift; sourceTree = "<group>"; };
		E9C3AEA22772221E003153E7 /* SceneDelegate.swift */ = {isa = PBXFileReference; lastKnownFileType = sourcecode.swift; path = SceneDelegate.swift; sourceTree = "<group>"; };
		E9C3AEA42772221E003153E7 /* ViewController.swift */ = {isa = PBXFileReference; lastKnownFileType = sourcecode.swift; path = ViewController.swift; sourceTree = "<group>"; };
		E9C3AEA72772221E003153E7 /* Base */ = {isa = PBXFileReference; lastKnownFileType = file.storyboard; name = Base; path = Base.lproj/Main.storyboard; sourceTree = "<group>"; };
		E9C3AEA927722220003153E7 /* Assets.xcassets */ = {isa = PBXFileReference; lastKnownFileType = folder.assetcatalog; path = Assets.xcassets; sourceTree = "<group>"; };
		E9C3AEAC27722220003153E7 /* Base */ = {isa = PBXFileReference; lastKnownFileType = file.storyboard; name = Base; path = Base.lproj/LaunchScreen.storyboard; sourceTree = "<group>"; };
		E9C3AEAE27722220003153E7 /* Info.plist */ = {isa = PBXFileReference; lastKnownFileType = text.plist.xml; path = Info.plist; sourceTree = "<group>"; };
		E9C3AEB327722220003153E7 /* URLSessionTutorialTests.xctest */ = {isa = PBXFileReference; explicitFileType = wrapper.cfbundle; includeInIndex = 0; path = URLSessionTutorialTests.xctest; sourceTree = BUILT_PRODUCTS_DIR; };
		E9C3AEB727722220003153E7 /* URLSessionTutorialTests.swift */ = {isa = PBXFileReference; lastKnownFileType = sourcecode.swift; path = URLSessionTutorialTests.swift; sourceTree = "<group>"; };
		E9C3AEBD27722220003153E7 /* URLSessionTutorialUITests.xctest */ = {isa = PBXFileReference; explicitFileType = wrapper.cfbundle; includeInIndex = 0; path = URLSessionTutorialUITests.xctest; sourceTree = BUILT_PRODUCTS_DIR; };
		E9C3AEC127722220003153E7 /* URLSessionTutorialUITests.swift */ = {isa = PBXFileReference; lastKnownFileType = sourcecode.swift; path = URLSessionTutorialUITests.swift; sourceTree = "<group>"; };
		E9C3AEC327722220003153E7 /* URLSessionTutorialUITestsLaunchTests.swift */ = {isa = PBXFileReference; lastKnownFileType = sourcecode.swift; path = URLSessionTutorialUITestsLaunchTests.swift; sourceTree = "<group>"; };
/* End PBXFileReference section */

/* Begin PBXFrameworksBuildPhase section */
		E9C3AE9A2772221E003153E7 /* Frameworks */ = {
			isa = PBXFrameworksBuildPhase;
			buildActionMask = 2147483647;
			files = (
			);
			runOnlyForDeploymentPostprocessing = 0;
		};
		E9C3AEB027722220003153E7 /* Frameworks */ = {
			isa = PBXFrameworksBuildPhase;
			buildActionMask = 2147483647;
			files = (
			);
			runOnlyForDeploymentPostprocessing = 0;
		};
		E9C3AEBA27722220003153E7 /* Frameworks */ = {
			isa = PBXFrameworksBuildPhase;
			buildActionMask = 2147483647;
			files = (
			);
			runOnlyForDeploymentPostprocessing = 0;
		};
/* End PBXFrameworksBuildPhase section */

/* Begin PBXGroup section */
		E9C3AE942772221E003153E7 = {
			isa = PBXGroup;
			children = (
				E9C3AE9F2772221E003153E7 /* URLSessionTutorial */,
				E9C3AEB627722220003153E7 /* URLSessionTutorialTests */,
				E9C3AEC027722220003153E7 /* URLSessionTutorialUITests */,
				E9C3AE9E2772221E003153E7 /* Products */,
			);
			sourceTree = "<group>";
		};
		E9C3AE9E2772221E003153E7 /* Products */ = {
			isa = PBXGroup;
			children = (
				E9C3AE9D2772221E003153E7 /* URLSessionTutorial.app */,
				E9C3AEB327722220003153E7 /* URLSessionTutorialTests.xctest */,
				E9C3AEBD27722220003153E7 /* URLSessionTutorialUITests.xctest */,
			);
			name = Products;
			sourceTree = "<group>";
		};
		E9C3AE9F2772221E003153E7 /* URLSessionTutorial */ = {
			isa = PBXGroup;
			children = (
				E9C3AEA02772221E003153E7 /* AppDelegate.swift */,
				E9C3AEA22772221E003153E7 /* SceneDelegate.swift */,
				E9C3AEA42772221E003153E7 /* ViewController.swift */,
				E9C3AEA62772221E003153E7 /* Main.storyboard */,
				E9C3AEA927722220003153E7 /* Assets.xcassets */,
				E9C3AEAB27722220003153E7 /* LaunchScreen.storyboard */,
				E9C3AEAE27722220003153E7 /* Info.plist */,
			);
			path = URLSessionTutorial;
			sourceTree = "<group>";
		};
		E9C3AEB627722220003153E7 /* URLSessionTutorialTests */ = {
			isa = PBXGroup;
			children = (
				E9C3AEB727722220003153E7 /* URLSessionTutorialTests.swift */,
			);
			path = URLSessionTutorialTests;
			sourceTree = "<group>";
		};
		E9C3AEC027722220003153E7 /* URLSessionTutorialUITests */ = {
			isa = PBXGroup;
			children = (
				E9C3AEC127722220003153E7 /* URLSessionTutorialUITests.swift */,
				E9C3AEC327722220003153E7 /* URLSessionTutorialUITestsLaunchTests.swift */,
			);
			path = URLSessionTutorialUITests;
			sourceTree = "<group>";
		};
/* End PBXGroup section */

/* Begin PBXNativeTarget section */
		E9C3AE9C2772221E003153E7 /* URLSessionTutorial */ = {
			isa = PBXNativeTarget;
			buildConfigurationList = E9C3AEC727722220003153E7 /* Build configuration list for PBXNativeTarget "URLSessionTutorial" */;
			buildPhases = (
				E9C3AE992772221E003153E7 /* Sources */,
				E9C3AE9A2772221E003153E7 /* Frameworks */,
				E9C3AE9B2772221E003153E7 /* Resources */,
			);
			buildRules = (
			);
			dependencies = (
			);
			name = URLSessionTutorial;
			productName = URLSessionTutorial;
			productReference = E9C3AE9D2772221E003153E7 /* URLSessionTutorial.app */;
			productType = "com.apple.product-type.application";
		};
		E9C3AEB227722220003153E7 /* URLSessionTutorialTests */ = {
			isa = PBXNativeTarget;
			buildConfigurationList = E9C3AECA27722220003153E7 /* Build configuration list for PBXNativeTarget "URLSessionTutorialTests" */;
			buildPhases = (
				E9C3AEAF27722220003153E7 /* Sources */,
				E9C3AEB027722220003153E7 /* Frameworks */,
				E9C3AEB127722220003153E7 /* Resources */,
			);
			buildRules = (
			);
			dependencies = (
				E9C3AEB527722220003153E7 /* PBXTargetDependency */,
			);
			name = URLSessionTutorialTests;
			productName = URLSessionTutorialTests;
			productReference = E9C3AEB327722220003153E7 /* URLSessionTutorialTests.xctest */;
			productType = "com.apple.product-type.bundle.unit-test";
		};
		E9C3AEBC27722220003153E7 /* URLSessionTutorialUITests */ = {
			isa = PBXNativeTarget;
			buildConfigurationList = E9C3AECD27722220003153E7 /* Build configuration list for PBXNativeTarget "URLSessionTutorialUITests" */;
			buildPhases = (
				E9C3AEB927722220003153E7 /* Sources */,
				E9C3AEBA27722220003153E7 /* Frameworks */,
				E9C3AEBB27722220003153E7 /* Resources */,
			);
			buildRules = (
			);
			dependencies = (
				E9C3AEBF27722220003153E7 /* PBXTargetDependency */,
			);
			name = URLSessionTutorialUITests;
			productName = URLSessionTutorialUITests;
			productReference = E9C3AEBD27722220003153E7 /* URLSessionTutorialUITests.xctest */;
			productType = "com.apple.product-type.bundle.ui-testing";
		};
/* End PBXNativeTarget section */

/* Begin PBXProject section */
		E9C3AE952772221E003153E7 /* Project object */ = {
			isa = PBXProject;
			attributes = {
				BuildIndependentTargetsInParallel = 1;
				LastSwiftUpdateCheck = 1310;
				LastUpgradeCheck = 1310;
				TargetAttributes = {
					E9C3AE9C2772221E003153E7 = {
						CreatedOnToolsVersion = 13.1;
					};
					E9C3AEB227722220003153E7 = {
						CreatedOnToolsVersion = 13.1;
						TestTargetID = E9C3AE9C2772221E003153E7;
					};
					E9C3AEBC27722220003153E7 = {
						CreatedOnToolsVersion = 13.1;
						TestTargetID = E9C3AE9C2772221E003153E7;
					};
				};
			};
			buildConfigurationList = E9C3AE982772221E003153E7 /* Build configuration list for PBXProject "URLSessionTutorial" */;
			compatibilityVersion = "Xcode 13.0";
			developmentRegion = en;
			hasScannedForEncodings = 0;
			knownRegions = (
				en,
				Base,
			);
			mainGroup = E9C3AE942772221E003153E7;
			productRefGroup = E9C3AE9E2772221E003153E7 /* Products */;
			projectDirPath = "";
			projectRoot = "";
			targets = (
				E9C3AE9C2772221E003153E7 /* URLSessionTutorial */,
				E9C3AEB227722220003153E7 /* URLSessionTutorialTests */,
				E9C3AEBC27722220003153E7 /* URLSessionTutorialUITests */,
			);
		};
/* End PBXProject section */

/* Begin PBXResourcesBuildPhase section */
		E9C3AE9B2772221E003153E7 /* Resources */ = {
			isa = PBXResourcesBuildPhase;
			buildActionMask = 2147483647;
			files = (
				E9C3AEAD27722220003153E7 /* LaunchScreen.storyboard in Resources */,
				E9C3AEAA27722220003153E7 /* Assets.xcassets in Resources */,
				E9C3AEA82772221E003153E7 /* Main.storyboard in Resources */,
			);
			runOnlyForDeploymentPostprocessing = 0;
		};
		E9C3AEB127722220003153E7 /* Resources */ = {
			isa = PBXResourcesBuildPhase;
			buildActionMask = 2147483647;
			files = (
			);
			runOnlyForDeploymentPostprocessing = 0;
		};
		E9C3AEBB27722220003153E7 /* Resources */ = {
			isa = PBXResourcesBuildPhase;
			buildActionMask = 2147483647;
			files = (
			);
			runOnlyForDeploymentPostprocessing = 0;
		};
/* End PBXResourcesBuildPhase section */

/* Begin PBXSourcesBuildPhase section */
		E9C3AE992772221E003153E7 /* Sources */ = {
			isa = PBXSourcesBuildPhase;
			buildActionMask = 2147483647;
			files = (
				E9C3AEA52772221E003153E7 /* ViewController.swift in Sources */,
				E9C3AEA12772221E003153E7 /* AppDelegate.swift in Sources */,
				E9C3AEA32772221E003153E7 /* SceneDelegate.swift in Sources */,
			);
			runOnlyForDeploymentPostprocessing = 0;
		};
		E9C3AEAF27722220003153E7 /* Sources */ = {
			isa = PBXSourcesBuildPhase;
			buildActionMask = 2147483647;
			files = (
				E9C3AEB827722220003153E7 /* URLSessionTutorialTests.swift in Sources */,
			);
			runOnlyForDeploymentPostprocessing = 0;
		};
		E9C3AEB927722220003153E7 /* Sources */ = {
			isa = PBXSourcesBuildPhase;
			buildActionMask = 2147483647;
			files = (
				E9C3AEC227722220003153E7 /* URLSessionTutorialUITests.swift in Sources */,
				E9C3AEC427722220003153E7 /* URLSessionTutorialUITestsLaunchTests.swift in Sources */,
			);
			runOnlyForDeploymentPostprocessing = 0;
		};
/* End PBXSourcesBuildPhase section */

/* Begin PBXTargetDependency section */
		E9C3AEB527722220003153E7 /* PBXTargetDependency */ = {
			isa = PBXTargetDependency;
			target = E9C3AE9C2772221E003153E7 /* URLSessionTutorial */;
			targetProxy = E9C3AEB427722220003153E7 /* PBXContainerItemProxy */;
		};
		E9C3AEBF27722220003153E7 /* PBXTargetDependency */ = {
			isa = PBXTargetDependency;
			target = E9C3AE9C2772221E003153E7 /* URLSessionTutorial */;
			targetProxy = E9C3AEBE27722220003153E7 /* PBXContainerItemProxy */;
		};
/* End PBXTargetDependency section */

/* Begin PBXVariantGroup section */
		E9C3AEA62772221E003153E7 /* Main.storyboard */ = {
			isa = PBXVariantGroup;
			children = (
				E9C3AEA72772221E003153E7 /* Base */,
			);
			name = Main.storyboard;
			sourceTree = "<group>";
		};
		E9C3AEAB27722220003153E7 /* LaunchScreen.storyboard */ = {
			isa = PBXVariantGroup;
			children = (
				E9C3AEAC27722220003153E7 /* Base */,
			);
			name = LaunchScreen.storyboard;
			sourceTree = "<group>";
		};
/* End PBXVariantGroup section */

/* Begin XCBuildConfiguration section */
		E9C3AEC527722220003153E7 /* Debug */ = {
			isa = XCBuildConfiguration;
			buildSettings = {
				ALWAYS_SEARCH_USER_PATHS = NO;
				CLANG_ANALYZER_NONNULL = YES;
				CLANG_ANALYZER_NUMBER_OBJECT_CONVERSION = YES_AGGRESSIVE;
				CLANG_CXX_LANGUAGE_STANDARD = "gnu++17";
				CLANG_CXX_LIBRARY = "libc++";
				CLANG_ENABLE_MODULES = YES;
				CLANG_ENABLE_OBJC_ARC = YES;
				CLANG_ENABLE_OBJC_WEAK = YES;
				CLANG_WARN_BLOCK_CAPTURE_AUTORELEASING = YES;
				CLANG_WARN_BOOL_CONVERSION = YES;
				CLANG_WARN_COMMA = YES;
				CLANG_WARN_CONSTANT_CONVERSION = YES;
				CLANG_WARN_DEPRECATED_OBJC_IMPLEMENTATIONS = YES;
				CLANG_WARN_DIRECT_OBJC_ISA_USAGE = YES_ERROR;
				CLANG_WARN_DOCUMENTATION_COMMENTS = YES;
				CLANG_WARN_EMPTY_BODY = YES;
				CLANG_WARN_ENUM_CONVERSION = YES;
				CLANG_WARN_INFINITE_RECURSION = YES;
				CLANG_WARN_INT_CONVERSION = YES;
				CLANG_WARN_NON_LITERAL_NULL_CONVERSION = YES;
				CLANG_WARN_OBJC_IMPLICIT_RETAIN_SELF = YES;
				CLANG_WARN_OBJC_LITERAL_CONVERSION = YES;
				CLANG_WARN_OBJC_ROOT_CLASS = YES_ERROR;
				CLANG_WARN_QUOTED_INCLUDE_IN_FRAMEWORK_HEADER = YES;
				CLANG_WARN_RANGE_LOOP_ANALYSIS = YES;
				CLANG_WARN_STRICT_PROTOTYPES = YES;
				CLANG_WARN_SUSPICIOUS_MOVE = YES;
				CLANG_WARN_UNGUARDED_AVAILABILITY = YES_AGGRESSIVE;
				CLANG_WARN_UNREACHABLE_CODE = YES;
				CLANG_WARN__DUPLICATE_METHOD_MATCH = YES;
				COPY_PHASE_STRIP = NO;
				DEBUG_INFORMATION_FORMAT = dwarf;
				ENABLE_STRICT_OBJC_MSGSEND = YES;
				ENABLE_TESTABILITY = YES;
				GCC_C_LANGUAGE_STANDARD = gnu11;
				GCC_DYNAMIC_NO_PIC = NO;
				GCC_NO_COMMON_BLOCKS = YES;
				GCC_OPTIMIZATION_LEVEL = 0;
				GCC_PREPROCESSOR_DEFINITIONS = (
					"DEBUG=1",
					"$(inherited)",
				);
				GCC_WARN_64_TO_32_BIT_CONVERSION = YES;
				GCC_WARN_ABOUT_RETURN_TYPE = YES_ERROR;
				GCC_WARN_UNDECLARED_SELECTOR = YES;
				GCC_WARN_UNINITIALIZED_AUTOS = YES_AGGRESSIVE;
				GCC_WARN_UNUSED_FUNCTION = YES;
				GCC_WARN_UNUSED_VARIABLE = YES;
				IPHONEOS_DEPLOYMENT_TARGET = 15.0;
				MTL_ENABLE_DEBUG_INFO = INCLUDE_SOURCE;
				MTL_FAST_MATH = YES;
				ONLY_ACTIVE_ARCH = YES;
				SDKROOT = iphoneos;
				SWIFT_ACTIVE_COMPILATION_CONDITIONS = DEBUG;
				SWIFT_OPTIMIZATION_LEVEL = "-Onone";
			};
			name = Debug;
		};
		E9C3AEC627722220003153E7 /* Release */ = {
			isa = XCBuildConfiguration;
			buildSettings = {
				ALWAYS_SEARCH_USER_PATHS = NO;
				CLANG_ANALYZER_NONNULL = YES;
				CLANG_ANALYZER_NUMBER_OBJECT_CONVERSION = YES_AGGRESSIVE;
				CLANG_CXX_LANGUAGE_STANDARD = "gnu++17";
				CLANG_CXX_LIBRARY = "libc++";
				CLANG_ENABLE_MODULES = YES;
				CLANG_ENABLE_OBJC_ARC = YES;
				CLANG_ENABLE_OBJC_WEAK = YES;
				CLANG_WARN_BLOCK_CAPTURE_AUTORELEASING = YES;
				CLANG_WARN_BOOL_CONVERSION = YES;
				CLANG_WARN_COMMA = YES;
				CLANG_WARN_CONSTANT_CONVERSION = YES;
				CLANG_WARN_DEPRECATED_OBJC_IMPLEMENTATIONS = YES;
				CLANG_WARN_DIRECT_OBJC_ISA_USAGE = YES_ERROR;
				CLANG_WARN_DOCUMENTATION_COMMENTS = YES;
				CLANG_WARN_EMPTY_BODY = YES;
				CLANG_WARN_ENUM_CONVERSION = YES;
				CLANG_WARN_INFINITE_RECURSION = YES;
				CLANG_WARN_INT_CONVERSION = YES;
				CLANG_WARN_NON_LITERAL_NULL_CONVERSION = YES;
				CLANG_WARN_OBJC_IMPLICIT_RETAIN_SELF = YES;
				CLANG_WARN_OBJC_LITERAL_CONVERSION = YES;
				CLANG_WARN_OBJC_ROOT_CLASS = YES_ERROR;
				CLANG_WARN_QUOTED_INCLUDE_IN_FRAMEWORK_HEADER = YES;
				CLANG_WARN_RANGE_LOOP_ANALYSIS = YES;
				CLANG_WARN_STRICT_PROTOTYPES = YES;
				CLANG_WARN_SUSPICIOUS_MOVE = YES;
				CLANG_WARN_UNGUARDED_AVAILABILITY = YES_AGGRESSIVE;
				CLANG_WARN_UNREACHABLE_CODE = YES;
				CLANG_WARN__DUPLICATE_METHOD_MATCH = YES;
				COPY_PHASE_STRIP = NO;
				DEBUG_INFORMATION_FORMAT = "dwarf-with-dsym";
				ENABLE_NS_ASSERTIONS = NO;
				ENABLE_STRICT_OBJC_MSGSEND = YES;
				GCC_C_LANGUAGE_STANDARD = gnu11;
				GCC_NO_COMMON_BLOCKS = YES;
				GCC_WARN_64_TO_32_BIT_CONVERSION = YES;
				GCC_WARN_ABOUT_RETURN_TYPE = YES_ERROR;
				GCC_WARN_UNDECLARED_SELECTOR = YES;
				GCC_WARN_UNINITIALIZED_AUTOS = YES_AGGRESSIVE;
				GCC_WARN_UNUSED_FUNCTION = YES;
				GCC_WARN_UNUSED_VARIABLE = YES;
				IPHONEOS_DEPLOYMENT_TARGET = 15.0;
				MTL_ENABLE_DEBUG_INFO = NO;
				MTL_FAST_MATH = YES;
				SDKROOT = iphoneos;
				SWIFT_COMPILATION_MODE = wholemodule;
				SWIFT_OPTIMIZATION_LEVEL = "-O";
				VALIDATE_PRODUCT = YES;
			};
			name = Release;
		};
		E9C3AEC827722220003153E7 /* Debug */ = {
			isa = XCBuildConfiguration;
			buildSettings = {
				ASSETCATALOG_COMPILER_APPICON_NAME = AppIcon;
				ASSETCATALOG_COMPILER_GLOBAL_ACCENT_COLOR_NAME = AccentColor;
				CODE_SIGN_STYLE = Automatic;
				CURRENT_PROJECT_VERSION = 1;
				GENERATE_INFOPLIST_FILE = YES;
				INFOPLIST_FILE = URLSessionTutorial/Info.plist;
				INFOPLIST_KEY_UIApplicationSupportsIndirectInputEvents = YES;
				INFOPLIST_KEY_UILaunchStoryboardName = LaunchScreen;
				INFOPLIST_KEY_UIMainStoryboardFile = Main;
				INFOPLIST_KEY_UISupportedInterfaceOrientations_iPad = "UIInterfaceOrientationPortrait UIInterfaceOrientationPortraitUpsideDown UIInterfaceOrientationLandscapeLeft UIInterfaceOrientationLandscapeRight";
				INFOPLIST_KEY_UISupportedInterfaceOrientations_iPhone = "UIInterfaceOrientationPortrait UIInterfaceOrientationLandscapeLeft UIInterfaceOrientationLandscapeRight";
				LD_RUNPATH_SEARCH_PATHS = (
					"$(inherited)",
					"@executable_path/Frameworks",
				);
				MARKETING_VERSION = 1.0;
				PRODUCT_BUNDLE_IDENTIFIER = jeehge.study.URLSessionTutorial;
				PRODUCT_NAME = "$(TARGET_NAME)";
				SWIFT_EMIT_LOC_STRINGS = YES;
				SWIFT_VERSION = 5.0;
				TARGETED_DEVICE_FAMILY = "1,2";
			};
			name = Debug;
		};
		E9C3AEC927722220003153E7 /* Release */ = {
			isa = XCBuildConfiguration;
			buildSettings = {
				ASSETCATALOG_COMPILER_APPICON_NAME = AppIcon;
				ASSETCATALOG_COMPILER_GLOBAL_ACCENT_COLOR_NAME = AccentColor;
				CODE_SIGN_STYLE = Automatic;
				CURRENT_PROJECT_VERSION = 1;
				GENERATE_INFOPLIST_FILE = YES;
				INFOPLIST_FILE = URLSessionTutorial/Info.plist;
				INFOPLIST_KEY_UIApplicationSupportsIndirectInputEvents = YES;
				INFOPLIST_KEY_UILaunchStoryboardName = LaunchScreen;
				INFOPLIST_KEY_UIMainStoryboardFile = Main;
				INFOPLIST_KEY_UISupportedInterfaceOrientations_iPad = "UIInterfaceOrientationPortrait UIInterfaceOrientationPortraitUpsideDown UIInterfaceOrientationLandscapeLeft UIInterfaceOrientationLandscapeRight";
				INFOPLIST_KEY_UISupportedInterfaceOrientations_iPhone = "UIInterfaceOrientationPortrait UIInterfaceOrientationLandscapeLeft UIInterfaceOrientationLandscapeRight";
				LD_RUNPATH_SEARCH_PATHS = (
					"$(inherited)",
					"@executable_path/Frameworks",
				);
				MARKETING_VERSION = 1.0;
				PRODUCT_BUNDLE_IDENTIFIER = jeehge.study.URLSessionTutorial;
				PRODUCT_NAME = "$(TARGET_NAME)";
				SWIFT_EMIT_LOC_STRINGS = YES;
				SWIFT_VERSION = 5.0;
				TARGETED_DEVICE_FAMILY = "1,2";
			};
			name = Release;
		};
		E9C3AECB27722220003153E7 /* Debug */ = {
			isa = XCBuildConfiguration;
			buildSettings = {
				ALWAYS_EMBED_SWIFT_STANDARD_LIBRARIES = YES;
				BUNDLE_LOADER = "$(TEST_HOST)";
				CODE_SIGN_STYLE = Automatic;
				CURRENT_PROJECT_VERSION = 1;
				GENERATE_INFOPLIST_FILE = YES;
				IPHONEOS_DEPLOYMENT_TARGET = 15.0;
				LD_RUNPATH_SEARCH_PATHS = (
					"$(inherited)",
					"@executable_path/Frameworks",
					"@loader_path/Frameworks",
				);
				MARKETING_VERSION = 1.0;
				PRODUCT_BUNDLE_IDENTIFIER = jeehge.study.URLSessionTutorialTests;
				PRODUCT_NAME = "$(TARGET_NAME)";
				SWIFT_EMIT_LOC_STRINGS = NO;
				SWIFT_VERSION = 5.0;
				TARGETED_DEVICE_FAMILY = "1,2";
				TEST_HOST = "$(BUILT_PRODUCTS_DIR)/URLSessionTutorial.app/URLSessionTutorial";
			};
			name = Debug;
		};
		E9C3AECC27722220003153E7 /* Release */ = {
			isa = XCBuildConfiguration;
			buildSettings = {
				ALWAYS_EMBED_SWIFT_STANDARD_LIBRARIES = YES;
				BUNDLE_LOADER = "$(TEST_HOST)";
				CODE_SIGN_STYLE = Automatic;
				CURRENT_PROJECT_VERSION = 1;
				GENERATE_INFOPLIST_FILE = YES;
				IPHONEOS_DEPLOYMENT_TARGET = 15.0;
				LD_RUNPATH_SEARCH_PATHS = (
					"$(inherited)",
					"@executable_path/Frameworks",
					"@loader_path/Frameworks",
				);
				MARKETING_VERSION = 1.0;
				PRODUCT_BUNDLE_IDENTIFIER = jeehge.study.URLSessionTutorialTests;
				PRODUCT_NAME = "$(TARGET_NAME)";
				SWIFT_EMIT_LOC_STRINGS = NO;
				SWIFT_VERSION = 5.0;
				TARGETED_DEVICE_FAMILY = "1,2";
				TEST_HOST = "$(BUILT_PRODUCTS_DIR)/URLSessionTutorial.app/URLSessionTutorial";
			};
			name = Release;
		};
		E9C3AECE27722220003153E7 /* Debug */ = {
			isa = XCBuildConfiguration;
			buildSettings = {
				ALWAYS_EMBED_SWIFT_STANDARD_LIBRARIES = YES;
				CODE_SIGN_STYLE = Automatic;
				CURRENT_PROJECT_VERSION = 1;
				GENERATE_INFOPLIST_FILE = YES;
				LD_RUNPATH_SEARCH_PATHS = (
					"$(inherited)",
					"@executable_path/Frameworks",
					"@loader_path/Frameworks",
				);
				MARKETING_VERSION = 1.0;
				PRODUCT_BUNDLE_IDENTIFIER = jeehge.study.URLSessionTutorialUITests;
				PRODUCT_NAME = "$(TARGET_NAME)";
				SWIFT_EMIT_LOC_STRINGS = NO;
				SWIFT_VERSION = 5.0;
				TARGETED_DEVICE_FAMILY = "1,2";
				TEST_TARGET_NAME = URLSessionTutorial;
			};
			name = Debug;
		};
		E9C3AECF27722220003153E7 /* Release */ = {
			isa = XCBuildConfiguration;
			buildSettings = {
				ALWAYS_EMBED_SWIFT_STANDARD_LIBRARIES = YES;
				CODE_SIGN_STYLE = Automatic;
				CURRENT_PROJECT_VERSION = 1;
				GENERATE_INFOPLIST_FILE = YES;
				LD_RUNPATH_SEARCH_PATHS = (
					"$(inherited)",
					"@executable_path/Frameworks",
					"@loader_path/Frameworks",
				);
				MARKETING_VERSION = 1.0;
				PRODUCT_BUNDLE_IDENTIFIER = jeehge.study.URLSessionTutorialUITests;
				PRODUCT_NAME = "$(TARGET_NAME)";
				SWIFT_EMIT_LOC_STRINGS = NO;
				SWIFT_VERSION = 5.0;
				TARGETED_DEVICE_FAMILY = "1,2";
				TEST_TARGET_NAME = URLSessionTutorial;
			};
			name = Release;
		};
/* End XCBuildConfiguration section */

/* Begin XCConfigurationList section */
		E9C3AE982772221E003153E7 /* Build configuration list for PBXProject "URLSessionTutorial" */ = {
			isa = XCConfigurationList;
			buildConfigurations = (
				E9C3AEC527722220003153E7 /* Debug */,
				E9C3AEC627722220003153E7 /* Release */,
			);
			defaultConfigurationIsVisible = 0;
			defaultConfigurationName = Release;
		};
		E9C3AEC727722220003153E7 /* Build configuration list for PBXNativeTarget "URLSessionTutorial" */ = {
			isa = XCConfigurationList;
			buildConfigurations = (
				E9C3AEC827722220003153E7 /* Debug */,
				E9C3AEC927722220003153E7 /* Release */,
			);
			defaultConfigurationIsVisible = 0;
			defaultConfigurationName = Release;
		};
		E9C3AECA27722220003153E7 /* Build configuration list for PBXNativeTarget "URLSessionTutorialTests" */ = {
			isa = XCConfigurationList;
			buildConfigurations = (
				E9C3AECB27722220003153E7 /* Debug */,
				E9C3AECC27722220003153E7 /* Release */,
			);
			defaultConfigurationIsVisible = 0;
			defaultConfigurationName = Release;
		};
		E9C3AECD27722220003153E7 /* Build configuration list for PBXNativeTarget "URLSessionTutorialUITests" */ = {
			isa = XCConfigurationList;
			buildConfigurations = (
				E9C3AECE27722220003153E7 /* Debug */,
				E9C3AECF27722220003153E7 /* Release */,
			);
			defaultConfigurationIsVisible = 0;
			defaultConfigurationName = Release;
		};
/* End XCConfigurationList section */
	};
	rootObject = E9C3AE952772221E003153E7 /* Project object */;
}
